// !$*UTF8*$!
{
	archiveVersion = 1;
	classes = {
	};
	objectVersion = 56;
	objects = {

/* Begin PBXBuildFile section */
		8A0C812A2BA7D74A00B049A0 /* ColorThemeView.swift in Sources */ = {isa = PBXBuildFile; fileRef = 8A0C81292BA7D74A00B049A0 /* ColorThemeView.swift */; };
		8A0C812C2BA8381800B049A0 /* RectangleView.swift in Sources */ = {isa = PBXBuildFile; fileRef = 8A0C812B2BA8381800B049A0 /* RectangleView.swift */; };
		8A0C812E2BA93A9600B049A0 /* NavigationDestinationView.swift in Sources */ = {isa = PBXBuildFile; fileRef = 8A0C812D2BA93A9600B049A0 /* NavigationDestinationView.swift */; };
		8A0C81302BA93F0E00B049A0 /* ProgrammaticNavigationView.swift in Sources */ = {isa = PBXBuildFile; fileRef = 8A0C812F2BA93F0E00B049A0 /* ProgrammaticNavigationView.swift */; };
		8A0C81322BA96ECA00B049A0 /* NavigationStackReturnView.swift in Sources */ = {isa = PBXBuildFile; fileRef = 8A0C81312BA96ECA00B049A0 /* NavigationStackReturnView.swift */; };
		8A0C81342BA9A6C000B049A0 /* NavigationStackPathStoreView.swift in Sources */ = {isa = PBXBuildFile; fileRef = 8A0C81332BA9A6C000B049A0 /* NavigationStackPathStoreView.swift */; };
		8A21FF282CEECDEB00E23806 /* OnDisappearModifier.swift in Sources */ = {isa = PBXBuildFile; fileRef = 8A21FF272CEECDDD00E23806 /* OnDisappearModifier.swift */; };
		8A21FF2A2CF5CFFC00E23806 /* AlignmentGuideExample.swift in Sources */ = {isa = PBXBuildFile; fileRef = 8A21FF292CF5CFEF00E23806 /* AlignmentGuideExample.swift */; };
		8A37BE252B9D41130006E1D1 /* AlertModifier.swift in Sources */ = {isa = PBXBuildFile; fileRef = 8A37BE242B9D41130006E1D1 /* AlertModifier.swift */; };
		8A37BE272B9D4D180006E1D1 /* RandomStruct.swift in Sources */ = {isa = PBXBuildFile; fileRef = 8A37BE262B9D4D180006E1D1 /* RandomStruct.swift */; };
		8A37BE2A2B9DE8540006E1D1 /* ModifierView.swift in Sources */ = {isa = PBXBuildFile; fileRef = 8A37BE292B9DE8540006E1D1 /* ModifierView.swift */; };
		8A3930062BC4BE47002E4819 /* NavigationSplitViewWithiPad.swift in Sources */ = {isa = PBXBuildFile; fileRef = 8A3930052BC4BE47002E4819 /* NavigationSplitViewWithiPad.swift */; };
		8A3930082BC4C423002E4819 /* AlertOptionalModifier.swift in Sources */ = {isa = PBXBuildFile; fileRef = 8A3930072BC4C423002E4819 /* AlertOptionalModifier.swift */; };
		8A39300A2BC4C579002E4819 /* SheetOptionalModifier.swift in Sources */ = {isa = PBXBuildFile; fileRef = 8A3930092BC4C579002E4819 /* SheetOptionalModifier.swift */; };
		8A3E6F3E2BAAC6DC009BCEEB /* SendingReceivingDataStruct.swift in Sources */ = {isa = PBXBuildFile; fileRef = 8A3E6F3D2BAAC6DC009BCEEB /* SendingReceivingDataStruct.swift */; };
		8A3E6F412BAACC0F009BCEEB /* AsyncImageView.swift in Sources */ = {isa = PBXBuildFile; fileRef = 8A3E6F402BAACC0F009BCEEB /* AsyncImageView.swift */; };
		8A41CADA2BEA600D00115EF6 /* FileImporterModifier.swift in Sources */ = {isa = PBXBuildFile; fileRef = 8A41CAD92BEA600D00115EF6 /* FileImporterModifier.swift */; };
		8A437C992CD51720000D5BB2 /* StateWrapperView.swift in Sources */ = {isa = PBXBuildFile; fileRef = 8A437C982CD51706000D5BB2 /* StateWrapperView.swift */; };
		8A4821C02C8EAC5E003A1832 /* KeyboardModifier.swift in Sources */ = {isa = PBXBuildFile; fileRef = 8A4821BF2C8EAC5E003A1832 /* KeyboardModifier.swift */; };
		8A48FFB42BC2D5E500DCBD3E /* GesturesView.swift in Sources */ = {isa = PBXBuildFile; fileRef = 8A48FFB32BC2D5E500DCBD3E /* GesturesView.swift */; };
		8A48FFB62BC2EF6A00DCBD3E /* HitTestingView.swift in Sources */ = {isa = PBXBuildFile; fileRef = 8A48FFB52BC2EF6A00DCBD3E /* HitTestingView.swift */; };
		8A48FFB82BC3410D00DCBD3E /* TimerView.swift in Sources */ = {isa = PBXBuildFile; fileRef = 8A48FFB72BC3410D00DCBD3E /* TimerView.swift */; };
		8A48FFBA2BC3459C00DCBD3E /* ScenePhaseView.swift in Sources */ = {isa = PBXBuildFile; fileRef = 8A48FFB92BC3459C00DCBD3E /* ScenePhaseView.swift */; };
		8A48FFBC2BC3487C00DCBD3E /* SpecificAccessibilityView.swift in Sources */ = {isa = PBXBuildFile; fileRef = 8A48FFBB2BC3487C00DCBD3E /* SpecificAccessibilityView.swift */; };
		8A48FFBF2BC3924000DCBD3E /* AlignmentView.swift in Sources */ = {isa = PBXBuildFile; fileRef = 8A48FFBE2BC3924000DCBD3E /* AlignmentView.swift */; };
		8A48FFC12BC3C6E800DCBD3E /* CustomAlignmentView.swift in Sources */ = {isa = PBXBuildFile; fileRef = 8A48FFC02BC3C6E700DCBD3E /* CustomAlignmentView.swift */; };
		8A48FFC32BC3D45A00DCBD3E /* PositionView.swift in Sources */ = {isa = PBXBuildFile; fileRef = 8A48FFC22BC3D45A00DCBD3E /* PositionView.swift */; };
		8A48FFC52BC3EF3300DCBD3E /* GeometryReaderView.swift in Sources */ = {isa = PBXBuildFile; fileRef = 8A48FFC42BC3EF3300DCBD3E /* GeometryReaderView.swift */; };
		8A48FFC72BC3F32700DCBD3E /* GeometryReaderView2.swift in Sources */ = {isa = PBXBuildFile; fileRef = 8A48FFC62BC3F32700DCBD3E /* GeometryReaderView2.swift */; };
		8A48FFC92BC3F7DF00DCBD3E /* GeometryReaderView3.swift in Sources */ = {isa = PBXBuildFile; fileRef = 8A48FFC82BC3F7DF00DCBD3E /* GeometryReaderView3.swift */; };
		8A48FFCB2BC3FFC200DCBD3E /* GeometryReaderView4.swift in Sources */ = {isa = PBXBuildFile; fileRef = 8A48FFCA2BC3FFC200DCBD3E /* GeometryReaderView4.swift */; };
		8A48FFCD2BC402BD00DCBD3E /* GeometryReaderView5.swift in Sources */ = {isa = PBXBuildFile; fileRef = 8A48FFCC2BC402BD00DCBD3E /* GeometryReaderView5.swift */; };
		8A48FFCF2BC406A100DCBD3E /* VisualEffectView.swift in Sources */ = {isa = PBXBuildFile; fileRef = 8A48FFCE2BC406A100DCBD3E /* VisualEffectView.swift */; };
		8A4F98052BE5C669006DF411 /* GenericJsonView.swift in Sources */ = {isa = PBXBuildFile; fileRef = 8A4F98042BE5C669006DF411 /* GenericJsonView.swift */; };
		8A5683552BBE87A400A88B07 /* CoreImageView.swift in Sources */ = {isa = PBXBuildFile; fileRef = 8A5683542BBE87A400A88B07 /* CoreImageView.swift */; };
		8A5683572BBE8F2700A88B07 /* UnavailableView.swift in Sources */ = {isa = PBXBuildFile; fileRef = 8A5683562BBE8F2700A88B07 /* UnavailableView.swift */; };
		8A5683592BBE995B00A88B07 /* PhotosPickerView.swift in Sources */ = {isa = PBXBuildFile; fileRef = 8A5683582BBE995B00A88B07 /* PhotosPickerView.swift */; };
		8A56835B2BBE9EF200A88B07 /* ShareLinkView.swift in Sources */ = {isa = PBXBuildFile; fileRef = 8A56835A2BBE9EF200A88B07 /* ShareLinkView.swift */; };
		8A56835D2BBEA1B600A88B07 /* RequestReviewView.swift in Sources */ = {isa = PBXBuildFile; fileRef = 8A56835C2BBEA1B600A88B07 /* RequestReviewView.swift */; };
		8A56835F2BBF6EDD00A88B07 /* ComparableStruct.swift in Sources */ = {isa = PBXBuildFile; fileRef = 8A56835E2BBF6EDD00A88B07 /* ComparableStruct.swift */; };
		8A5683612BBF778F00A88B07 /* FileReadWriteView.swift in Sources */ = {isa = PBXBuildFile; fileRef = 8A5683602BBF778F00A88B07 /* FileReadWriteView.swift */; };
		8A5683632BBF7A5F00A88B07 /* EnumsView.swift in Sources */ = {isa = PBXBuildFile; fileRef = 8A5683622BBF7A5F00A88B07 /* EnumsView.swift */; };
		8A5683662BBF7C9300A88B07 /* MapKitView.swift in Sources */ = {isa = PBXBuildFile; fileRef = 8A5683652BBF7C9300A88B07 /* MapKitView.swift */; };
		8A5683682BBF7E5100A88B07 /* MapKitPositionView.swift in Sources */ = {isa = PBXBuildFile; fileRef = 8A5683672BBF7E5100A88B07 /* MapKitPositionView.swift */; };
		8A56836A2BBF936600A88B07 /* MapKitAnnotationView.swift in Sources */ = {isa = PBXBuildFile; fileRef = 8A5683692BBF936600A88B07 /* MapKitAnnotationView.swift */; };
		8A56836C2BBF94B800A88B07 /* MapKitMarkerView.swift in Sources */ = {isa = PBXBuildFile; fileRef = 8A56836B2BBF94B800A88B07 /* MapKitMarkerView.swift */; };
		8A56836E2BBF957D00A88B07 /* MapKitTapView.swift in Sources */ = {isa = PBXBuildFile; fileRef = 8A56836D2BBF957D00A88B07 /* MapKitTapView.swift */; };
		8A5683712BBF99B700A88B07 /* FaceIDTouchIDView.swift in Sources */ = {isa = PBXBuildFile; fileRef = 8A5683702BBF99B700A88B07 /* FaceIDTouchIDView.swift */; };
		8A5683742BC1489700A88B07 /* VoiceOverView.swift in Sources */ = {isa = PBXBuildFile; fileRef = 8A5683732BC1489700A88B07 /* VoiceOverView.swift */; };
		8A5683762BC14B8E00A88B07 /* AccessibilityDataView.swift in Sources */ = {isa = PBXBuildFile; fileRef = 8A5683752BC14B8E00A88B07 /* AccessibilityDataView.swift */; };
		8A5683782BC14E4000A88B07 /* AccessibilityControlView.swift in Sources */ = {isa = PBXBuildFile; fileRef = 8A5683772BC14E4000A88B07 /* AccessibilityControlView.swift */; };
		8A56837A2BC1630C00A88B07 /* VoiceInputView.swift in Sources */ = {isa = PBXBuildFile; fileRef = 8A5683792BC1630C00A88B07 /* VoiceInputView.swift */; };
		8A56837C2BC172B900A88B07 /* OperatorOverloadStruct.swift in Sources */ = {isa = PBXBuildFile; fileRef = 8A56837B2BC172B900A88B07 /* OperatorOverloadStruct.swift */; };
		8A56837E2BC17E5400A88B07 /* PropertyWrapperStruct.swift in Sources */ = {isa = PBXBuildFile; fileRef = 8A56837D2BC17E5400A88B07 /* PropertyWrapperStruct.swift */; };
		8A5ABFB32CDA2BC7003CBC1A /* PropertyWrapperAndUnderScoreName.swift in Sources */ = {isa = PBXBuildFile; fileRef = 8A5ABFB22CDA2BB7003CBC1A /* PropertyWrapperAndUnderScoreName.swift */; };
		8A5ABFE32CDC6A64003CBC1A /* QRCodeView.swift in Sources */ = {isa = PBXBuildFile; fileRef = 8A5ABFE22CDC6A5A003CBC1A /* QRCodeView.swift */; };
		8A5AC0522CE30437003CBC1A /* OpacityView.swift in Sources */ = {isa = PBXBuildFile; fileRef = 8A5AC0512CE30431003CBC1A /* OpacityView.swift */; };
		8A5AC0592CE352F0003CBC1A /* PresentationDetentsModifier.swift in Sources */ = {isa = PBXBuildFile; fileRef = 8A5AC0582CE352EA003CBC1A /* PresentationDetentsModifier.swift */; };
		8A5AC05B2CE35700003CBC1A /* ViewThatFitsView.swift in Sources */ = {isa = PBXBuildFile; fileRef = 8A5AC05A2CE356F8003CBC1A /* ViewThatFitsView.swift */; };
		8A5AC05E2CE3643F003CBC1A /* ShareObjectView.swift in Sources */ = {isa = PBXBuildFile; fileRef = 8A5AC05D2CE36438003CBC1A /* ShareObjectView.swift */; };
		8A5AC0642CE3686E003CBC1A /* EnvironmentView.swift in Sources */ = {isa = PBXBuildFile; fileRef = 8A5AC0632CE36866003CBC1A /* EnvironmentView.swift */; };
		8A5AC0822CE447E0003CBC1A /* PathView.swift in Sources */ = {isa = PBXBuildFile; fileRef = 8A5AC0812CE447DA003CBC1A /* PathView.swift */; };
		8A5AC0842CE44C42003CBC1A /* ShapeProtocalView.swift in Sources */ = {isa = PBXBuildFile; fileRef = 8A5AC0832CE44C3E003CBC1A /* ShapeProtocalView.swift */; };
		8A5AC0862CE45715003CBC1A /* InsettableShapeProtocalView.swift in Sources */ = {isa = PBXBuildFile; fileRef = 8A5AC0852CE4570A003CBC1A /* InsettableShapeProtocalView.swift */; };
		8A5AC0882CE47166003CBC1A /* FLowerShapeView.swift in Sources */ = {isa = PBXBuildFile; fileRef = 8A5AC0872CE47160003CBC1A /* FLowerShapeView.swift */; };
		8A5AC08A2CE47CA7003CBC1A /* ImagePaintView.swift in Sources */ = {isa = PBXBuildFile; fileRef = 8A5AC0892CE47CA1003CBC1A /* ImagePaintView.swift */; };
		8A5AC08C2CE480C2003CBC1A /* DrawGroupView.swift in Sources */ = {isa = PBXBuildFile; fileRef = 8A5AC08B2CE480BB003CBC1A /* DrawGroupView.swift */; };
		8A5AC08E2CE4A7C5003CBC1A /* SpecialEffectsBlurBlend.swift in Sources */ = {isa = PBXBuildFile; fileRef = 8A5AC08D2CE4A7AC003CBC1A /* SpecialEffectsBlurBlend.swift */; };
		8A5AC0E82CEAEC5B003CBC1A /* PrintTypeView.swift in Sources */ = {isa = PBXBuildFile; fileRef = 8A5AC0E72CEAEC54003CBC1A /* PrintTypeView.swift */; };
		8A5AC0EF2CED771D003CBC1A /* ViewBuilderView.swift in Sources */ = {isa = PBXBuildFile; fileRef = 8A5AC0EE2CED7713003CBC1A /* ViewBuilderView.swift */; };
		8A5AC0F12CED827D003CBC1A /* GroupViewWithException.swift in Sources */ = {isa = PBXBuildFile; fileRef = 8A5AC0F02CED8274003CBC1A /* GroupViewWithException.swift */; };
		8A71AE1E2BA9D7D10076BE49 /* NavigationStackCustomizeView.swift in Sources */ = {isa = PBXBuildFile; fileRef = 8A71AE1D2BA9D7D10076BE49 /* NavigationStackCustomizeView.swift */; };
		8A71E70A2B9AFF0600772A31 /* KeyBoardView.swift in Sources */ = {isa = PBXBuildFile; fileRef = 8A71E7092B9AFF0600772A31 /* KeyBoardView.swift */; };
		8A71E70D2B9B055E00772A31 /* StackView.swift in Sources */ = {isa = PBXBuildFile; fileRef = 8A71E70C2B9B055E00772A31 /* StackView.swift */; };
		8A71E70F2B9C686400772A31 /* ColorView.swift in Sources */ = {isa = PBXBuildFile; fileRef = 8A71E70E2B9C686400772A31 /* ColorView.swift */; };
		8A71E7112B9C6D4500772A31 /* GradientView.swift in Sources */ = {isa = PBXBuildFile; fileRef = 8A71E7102B9C6D4500772A31 /* GradientView.swift */; };
		8A88DED52BC6066800C792C5 /* GroupView.swift in Sources */ = {isa = PBXBuildFile; fileRef = 8A88DED42BC6066800C792C5 /* GroupView.swift */; };
		8A88DED72BC60C5100C792C5 /* SearchableModifier.swift in Sources */ = {isa = PBXBuildFile; fileRef = 8A88DED62BC60C5100C792C5 /* SearchableModifier.swift */; };
		8A91DDE22CC85D7300F3BAB3 /* PushButtonView.swift in Sources */ = {isa = PBXBuildFile; fileRef = 8A91DDE12CC85D6D00F3BAB3 /* PushButtonView.swift */; };
		8A91DDE42CC85F9600F3BAB3 /* UsingPushButton.swift in Sources */ = {isa = PBXBuildFile; fileRef = 8A91DDE32CC85F8F00F3BAB3 /* UsingPushButton.swift */; };
		8A9C5FA92CD89CFB000E8566 /* GenericFileReadWrite.swift in Sources */ = {isa = PBXBuildFile; fileRef = 8A9C5FA82CD89CED000E8566 /* GenericFileReadWrite.swift */; };
		8A9D36FD2C8B595D00D56018 /* DividerView.swift in Sources */ = {isa = PBXBuildFile; fileRef = 8A9D36FC2C8B595D00D56018 /* DividerView.swift */; };
		8AAB08602B9E845A0039A3FE /* PropertiesStruct.swift in Sources */ = {isa = PBXBuildFile; fileRef = 8AAB085F2B9E845A0039A3FE /* PropertiesStruct.swift */; };
		8AAB08622B9E86280039A3FE /* CustomView.swift in Sources */ = {isa = PBXBuildFile; fileRef = 8AAB08612B9E86280039A3FE /* CustomView.swift */; };
		8AAB08642B9E86FE0039A3FE /* CustomModifierView.swift in Sources */ = {isa = PBXBuildFile; fileRef = 8AAB08632B9E86FE0039A3FE /* CustomModifierView.swift */; };
		8AAB08662B9E89040039A3FE /* CustomContainersView.swift in Sources */ = {isa = PBXBuildFile; fileRef = 8AAB08652B9E89040039A3FE /* CustomContainersView.swift */; };
		8AAB08682B9EE9EA0039A3FE /* ForEachView.swift in Sources */ = {isa = PBXBuildFile; fileRef = 8AAB08672B9EE9EA0039A3FE /* ForEachView.swift */; };
		8AAB086A2B9F0CEC0039A3FE /* CustomBindingView.swift in Sources */ = {isa = PBXBuildFile; fileRef = 8AAB08692B9F0CEC0039A3FE /* CustomBindingView.swift */; };
		8AAB086C2B9F0EAE0039A3FE /* ToggleView.swift in Sources */ = {isa = PBXBuildFile; fileRef = 8AAB086B2B9F0EAE0039A3FE /* ToggleView.swift */; };
		8AAB086E2B9F12C30039A3FE /* StepperView.swift in Sources */ = {isa = PBXBuildFile; fileRef = 8AAB086D2B9F12C30039A3FE /* StepperView.swift */; };
		8AAB08702B9F13EC0039A3FE /* DatePickerView.swift in Sources */ = {isa = PBXBuildFile; fileRef = 8AAB086F2B9F13EC0039A3FE /* DatePickerView.swift */; };
		8AAB08722B9FF04D0039A3FE /* DateComponentsStruct.swift in Sources */ = {isa = PBXBuildFile; fileRef = 8AAB08712B9FF04D0039A3FE /* DateComponentsStruct.swift */; };
		8AAB08792BA020440039A3FE /* SleepCalculator.mlmodel in Sources */ = {isa = PBXBuildFile; fileRef = 8AAB08782BA020440039A3FE /* SleepCalculator.mlmodel */; };
		8AAB087B2BA2F8D80039A3FE /* MLView.swift in Sources */ = {isa = PBXBuildFile; fileRef = 8AAB087A2BA2F8D80039A3FE /* MLView.swift */; };
		8AAB087D2BA3D4530039A3FE /* BundleStruct.swift in Sources */ = {isa = PBXBuildFile; fileRef = 8AAB087C2BA3D4530039A3FE /* BundleStruct.swift */; };
		8AAB087F2BA3D5AD0039A3FE /* StringStruct.swift in Sources */ = {isa = PBXBuildFile; fileRef = 8AAB087E2BA3D5AD0039A3FE /* StringStruct.swift */; };
		8AAB08812BA3E4E10039A3FE /* ErrorStruct.swift in Sources */ = {isa = PBXBuildFile; fileRef = 8AAB08802BA3E4E10039A3FE /* ErrorStruct.swift */; };
		8AAB08832BA3EA070039A3FE /* ImplicitAnimationView.swift in Sources */ = {isa = PBXBuildFile; fileRef = 8AAB08822BA3EA070039A3FE /* ImplicitAnimationView.swift */; };
		8AAB08852BA4087F0039A3FE /* AnimationBindingView.swift in Sources */ = {isa = PBXBuildFile; fileRef = 8AAB08842BA4087F0039A3FE /* AnimationBindingView.swift */; };
		8AAB08872BA4118E0039A3FE /* ExplicitAnimationView.swift in Sources */ = {isa = PBXBuildFile; fileRef = 8AAB08862BA4118D0039A3FE /* ExplicitAnimationView.swift */; };
		8AAB08892BA4333C0039A3FE /* ImplicitAnimationView2.swift in Sources */ = {isa = PBXBuildFile; fileRef = 8AAB08882BA4333C0039A3FE /* ImplicitAnimationView2.swift */; };
		8AAB088B2BA43DC80039A3FE /* DragGestureView.swift in Sources */ = {isa = PBXBuildFile; fileRef = 8AAB088A2BA43DC80039A3FE /* DragGestureView.swift */; };
		8AAB088D2BA444030039A3FE /* ShowHideView.swift in Sources */ = {isa = PBXBuildFile; fileRef = 8AAB088C2BA444030039A3FE /* ShowHideView.swift */; };
		8AAB088F2BA445990039A3FE /* CustomTransitionView.swift in Sources */ = {isa = PBXBuildFile; fileRef = 8AAB088E2BA445990039A3FE /* CustomTransitionView.swift */; };
		8AAB08912BA48E3D0039A3FE /* ClassView.swift in Sources */ = {isa = PBXBuildFile; fileRef = 8AAB08902BA48E3D0039A3FE /* ClassView.swift */; };
		8AAB08932BA49F220039A3FE /* SheetModifier.swift in Sources */ = {isa = PBXBuildFile; fileRef = 8AAB08922BA49F220039A3FE /* SheetModifier.swift */; };
		8AAB81522BB4EF9B0047FD0C /* RatingView.swift in Sources */ = {isa = PBXBuildFile; fileRef = 8AAB81512BB4EF9B0047FD0C /* RatingView.swift */; };
		8AAB81542BB4FC290047FD0C /* UsingRating.swift in Sources */ = {isa = PBXBuildFile; fileRef = 8AAB81532BB4FC290047FD0C /* UsingRating.swift */; };
		8AAB81562BB4FD4C0047FD0C /* EmojiRatingView.swift in Sources */ = {isa = PBXBuildFile; fileRef = 8AAB81552BB4FD4C0047FD0C /* EmojiRatingView.swift */; };
		8AAE14862BC20D1E009FA593 /* ListViewWithSelection.swift in Sources */ = {isa = PBXBuildFile; fileRef = 8AAE14852BC20D1E009FA593 /* ListViewWithSelection.swift */; };
		8AAE14882BC20E87009FA593 /* TabsView.swift in Sources */ = {isa = PBXBuildFile; fileRef = 8AAE14872BC20E87009FA593 /* TabsView.swift */; };
		8AAE148A2BC2113A009FA593 /* ResultTypeStruct.swift in Sources */ = {isa = PBXBuildFile; fileRef = 8AAE14892BC2113A009FA593 /* ResultTypeStruct.swift */; };
		8AAE148C2BC21672009FA593 /* ImageInterpolationView.swift in Sources */ = {isa = PBXBuildFile; fileRef = 8AAE148B2BC21672009FA593 /* ImageInterpolationView.swift */; };
		8AAE148E2BC21CFE009FA593 /* ContextMenuModifier.swift in Sources */ = {isa = PBXBuildFile; fileRef = 8AAE148D2BC21CFE009FA593 /* ContextMenuModifier.swift */; };
		8AAE14902BC21F57009FA593 /* SwipeActionsModifier.swift in Sources */ = {isa = PBXBuildFile; fileRef = 8AAE148F2BC21F57009FA593 /* SwipeActionsModifier.swift */; };
		8AAE14932BC22106009FA593 /* UserNotificationsView.swift in Sources */ = {isa = PBXBuildFile; fileRef = 8AAE14922BC22106009FA593 /* UserNotificationsView.swift */; };
		8AAE14952BC28DCA009FA593 /* ToolbarItemView.swift in Sources */ = {isa = PBXBuildFile; fileRef = 8AAE14942BC28DCA009FA593 /* ToolbarItemView.swift */; };
		8AB081A52CDBB6AB0050C43E /* LocationFetcherView.swift in Sources */ = {isa = PBXBuildFile; fileRef = 8AB081A42CDBB69A0050C43E /* LocationFetcherView.swift */; };
		8AB631E32CFAB387007E8541 /* PerformanceDiagnose.swift in Sources */ = {isa = PBXBuildFile; fileRef = 8AB631E12CFAB387007E8541 /* PerformanceDiagnose.swift */; };
		8AB7DC932BA5AB3800F97CE8 /* UserDefaultsStruct.swift in Sources */ = {isa = PBXBuildFile; fileRef = 8AB7DC922BA5AB3800F97CE8 /* UserDefaultsStruct.swift */; };
		8ABA907C2BB6914E00D41B7A /* EditBookView.swift in Sources */ = {isa = PBXBuildFile; fileRef = 8ABA907B2BB6914E00D41B7A /* EditBookView.swift */; };
		8ABA907E2BB699BE00D41B7A /* EditBookContentView.swift in Sources */ = {isa = PBXBuildFile; fileRef = 8ABA907D2BB699BE00D41B7A /* EditBookContentView.swift */; };
		8ABA90802BB6A90E00D41B7A /* EditBookPredicateContentView.swift in Sources */ = {isa = PBXBuildFile; fileRef = 8ABA907F2BB6A90E00D41B7A /* EditBookPredicateContentView.swift */; };
		8ABBE4442BB8EF5500D53F43 /* CarsView.swift in Sources */ = {isa = PBXBuildFile; fileRef = 8ABBE4432BB8EF5500D53F43 /* CarsView.swift */; };
		8ABBE4462BB8FA9500D53F43 /* CarsViewContentView.swift in Sources */ = {isa = PBXBuildFile; fileRef = 8ABBE4452BB8FA9500D53F43 /* CarsViewContentView.swift */; };
		8ABBE4482BB9116200D53F43 /* TagModifier.swift in Sources */ = {isa = PBXBuildFile; fileRef = 8ABBE4472BB9116200D53F43 /* TagModifier.swift */; };
		8ABBE44A2BB9209800D53F43 /* MenuView.swift in Sources */ = {isa = PBXBuildFile; fileRef = 8ABBE4492BB9209800D53F43 /* MenuView.swift */; };
		8ABBE44C2BB9477700D53F43 /* Car.swift in Sources */ = {isa = PBXBuildFile; fileRef = 8ABBE44B2BB9477700D53F43 /* Car.swift */; };
		8ABBE44E2BB9764000D53F43 /* Tire.swift in Sources */ = {isa = PBXBuildFile; fileRef = 8ABBE44D2BB9764000D53F43 /* Tire.swift */; };
		8ABBE4502BBAEFBF00D53F43 /* JsonAdvancedView.swift in Sources */ = {isa = PBXBuildFile; fileRef = 8ABBE44F2BBAEFBF00D53F43 /* JsonAdvancedView.swift */; };
		8ABBE4522BBE1B0000D53F43 /* SliderView.swift in Sources */ = {isa = PBXBuildFile; fileRef = 8ABBE4512BBE1B0000D53F43 /* SliderView.swift */; };
		8ABBE4542BBE28A200D53F43 /* OnChangeModifier.swift in Sources */ = {isa = PBXBuildFile; fileRef = 8ABBE4532BBE28A200D53F43 /* OnChangeModifier.swift */; };
		8ABBE4562BBE2ECC00D53F43 /* ConfirmationModifier.swift in Sources */ = {isa = PBXBuildFile; fileRef = 8ABBE4552BBE2ECC00D53F43 /* ConfirmationModifier.swift */; };
		8AC6E0A32BB47371000BA606 /* ToolbarModifier.swift in Sources */ = {isa = PBXBuildFile; fileRef = 8AC6E0A22BB47371000BA606 /* ToolbarModifier.swift */; };
		8AC80AFA2CDED517000317A3 /* ShapeView.swift in Sources */ = {isa = PBXBuildFile; fileRef = 8AC80AF92CDED50C000317A3 /* ShapeView.swift */; };
		8AC80AFC2CDEE7D1000317A3 /* CustomModifierView2.swift in Sources */ = {isa = PBXBuildFile; fileRef = 8AC80AFB2CDEE7BF000317A3 /* CustomModifierView2.swift */; };
		8AC80B022CDEF3AB000317A3 /* OnAppearModifier.swift in Sources */ = {isa = PBXBuildFile; fileRef = 8AC80B012CDEF3AB000317A3 /* OnAppearModifier.swift */; };
		8AC80B132CE37CE1000317A3 /* OnDeleteModifier.swift in Sources */ = {isa = PBXBuildFile; fileRef = 8AC80B122CE37CE1000317A3 /* OnDeleteModifier.swift */; };
		8AC80B182CE41255000317A3 /* HorizontalSizeDynamicTypeView.swift in Sources */ = {isa = PBXBuildFile; fileRef = 8AC80B172CE41252000317A3 /* HorizontalSizeDynamicTypeView.swift */; };
		8AC80B1A2CE4CB4F000317A3 /* AnimatableDataView.swift in Sources */ = {isa = PBXBuildFile; fileRef = 8AC80B192CE4CB44000317A3 /* AnimatableDataView.swift */; };
		8AC80B1C2CE4D91C000317A3 /* AnimatablePairView.swift in Sources */ = {isa = PBXBuildFile; fileRef = 8AC80B1B2CE4D912000317A3 /* AnimatablePairView.swift */; };
		8AC80B1E2CE4E241000317A3 /* SpirographView.swift in Sources */ = {isa = PBXBuildFile; fileRef = 8AC80B1D2CE4E234000317A3 /* SpirographView.swift */; };
		8ACEF4CD2B9935C20028AA58 /* swiftuiutilityApp.swift in Sources */ = {isa = PBXBuildFile; fileRef = 8ACEF4CC2B9935C20028AA58 /* swiftuiutilityApp.swift */; };
		8ACEF4CF2B9935C20028AA58 /* ContentView.swift in Sources */ = {isa = PBXBuildFile; fileRef = 8ACEF4CE2B9935C20028AA58 /* ContentView.swift */; };
		8ACEF4D12B9935C30028AA58 /* Assets.xcassets in Resources */ = {isa = PBXBuildFile; fileRef = 8ACEF4D02B9935C30028AA58 /* Assets.xcassets */; };
		8ACEF4D42B9935C30028AA58 /* Preview Assets.xcassets in Resources */ = {isa = PBXBuildFile; fileRef = 8ACEF4D32B9935C30028AA58 /* Preview Assets.xcassets */; };
		8ACEF4DD2B9938150028AA58 /* ListView.swift in Sources */ = {isa = PBXBuildFile; fileRef = 8ACEF4DC2B9938140028AA58 /* ListView.swift */; };
		8ACEF4DF2B993D460028AA58 /* ImageView.swift in Sources */ = {isa = PBXBuildFile; fileRef = 8ACEF4DE2B993D460028AA58 /* ImageView.swift */; };
		8ACEF4E12B9941C10028AA58 /* ScrollListView.swift in Sources */ = {isa = PBXBuildFile; fileRef = 8ACEF4E02B9941C10028AA58 /* ScrollListView.swift */; };
		8ACEF4E32B99464F0028AA58 /* NavigationStackView.swift in Sources */ = {isa = PBXBuildFile; fileRef = 8ACEF4E22B99464F0028AA58 /* NavigationStackView.swift */; };
		8ACEF4E52B9972150028AA58 /* JsonView.swift in Sources */ = {isa = PBXBuildFile; fileRef = 8ACEF4E42B9972150028AA58 /* JsonView.swift */; };
		8ACEF4E72B997EEF0028AA58 /* GridItemAndLazyVGridView.swift in Sources */ = {isa = PBXBuildFile; fileRef = 8ACEF4E62B997EEF0028AA58 /* GridItemAndLazyVGridView.swift */; };
		8ACEF4E92B9994510028AA58 /* FormView.swift in Sources */ = {isa = PBXBuildFile; fileRef = 8ACEF4E82B9994510028AA58 /* FormView.swift */; };
		8ACEF4ED2B9996050028AA58 /* NavigationLinkView.swift in Sources */ = {isa = PBXBuildFile; fileRef = 8ACEF4EC2B9996050028AA58 /* NavigationLinkView.swift */; };
		8ACEF4EF2B999A110028AA58 /* ButtonView.swift in Sources */ = {isa = PBXBuildFile; fileRef = 8ACEF4EE2B999A110028AA58 /* ButtonView.swift */; };
		8ACEF4F12B9A9AD50028AA58 /* TextFieldView.swift in Sources */ = {isa = PBXBuildFile; fileRef = 8ACEF4F02B9A9AD50028AA58 /* TextFieldView.swift */; };
		8ACEF4F32B9A9BFE0028AA58 /* PickerView.swift in Sources */ = {isa = PBXBuildFile; fileRef = 8ACEF4F22B9A9BFE0028AA58 /* PickerView.swift */; };
		8ACEF4F62B9AC2320028AA58 /* TextView.swift in Sources */ = {isa = PBXBuildFile; fileRef = 8ACEF4F52B9AC2320028AA58 /* TextView.swift */; };
		8AD11F872C909AC5002B5D41 /* UnitStruct.swift in Sources */ = {isa = PBXBuildFile; fileRef = 8AD11F862C909AC5002B5D41 /* UnitStruct.swift */; };
		8AD11F892C911C35002B5D41 /* ViewCompositionWithProperty.swift in Sources */ = {isa = PBXBuildFile; fileRef = 8AD11F882C911C35002B5D41 /* ViewCompositionWithProperty.swift */; };
		8AD11F8B2C914576002B5D41 /* ViewCompositionWithStruct.swift in Sources */ = {isa = PBXBuildFile; fileRef = 8AD11F8A2C914576002B5D41 /* ViewCompositionWithStruct.swift */; };
		8AD26C692BB3A22400A5FAD5 /* HapticEffects.swift in Sources */ = {isa = PBXBuildFile; fileRef = 8AD26C682BB3A22300A5FAD5 /* HapticEffects.swift */; };
		8AD26C6C2BB3CBAB00A5FAD5 /* Order.swift in Sources */ = {isa = PBXBuildFile; fileRef = 8AD26C6B2BB3CBAB00A5FAD5 /* Order.swift */; };
		8AD26C6E2BB3CC3300A5FAD5 /* BindableView1.swift in Sources */ = {isa = PBXBuildFile; fileRef = 8AD26C6D2BB3CC3300A5FAD5 /* BindableView1.swift */; };
		8AD26C702BB3CC5F00A5FAD5 /* BindableView2.swift in Sources */ = {isa = PBXBuildFile; fileRef = 8AD26C6F2BB3CC5F00A5FAD5 /* BindableView2.swift */; };
		8AD26C732BB3CFFB00A5FAD5 /* DisabledModifier.swift in Sources */ = {isa = PBXBuildFile; fileRef = 8AD26C722BB3CFFB00A5FAD5 /* DisabledModifier.swift */; };
		8AD26C752BB3D4C100A5FAD5 /* DecimalView.swift in Sources */ = {isa = PBXBuildFile; fileRef = 8AD26C742BB3D4C100A5FAD5 /* DecimalView.swift */; };
		8AD26C772BB3F03900A5FAD5 /* SendingReceivingDatatStruct2.swift in Sources */ = {isa = PBXBuildFile; fileRef = 8AD26C762BB3F03900A5FAD5 /* SendingReceivingDatatStruct2.swift */; };
		8AD26C792BB410C500A5FAD5 /* BindingView.swift in Sources */ = {isa = PBXBuildFile; fileRef = 8AD26C782BB410C500A5FAD5 /* BindingView.swift */; };
		8AD26C7B2BB4141200A5FAD5 /* TextEditorView.swift in Sources */ = {isa = PBXBuildFile; fileRef = 8AD26C7A2BB4141200A5FAD5 /* TextEditorView.swift */; };
		8AD26C7E2BB42E1800A5FAD5 /* Book.swift in Sources */ = {isa = PBXBuildFile; fileRef = 8AD26C7D2BB42E1800A5FAD5 /* Book.swift */; };
		8AD26C802BB4360700A5FAD5 /* SwiftDataView.swift in Sources */ = {isa = PBXBuildFile; fileRef = 8AD26C7F2BB4360700A5FAD5 /* SwiftDataView.swift */; };
		8AE84D252CCB16A000A3742C /* SwiftDataWithCloudKit.swift in Sources */ = {isa = PBXBuildFile; fileRef = 8AE84D242CCB169800A3742C /* SwiftDataWithCloudKit.swift */; };
		8AF4B58F2C6A217F0087956A /* LongLiveStreamView.swift in Sources */ = {isa = PBXBuildFile; fileRef = 8AF4B58E2C6A217E0087956A /* LongLiveStreamView.swift */; };
		8AF4B5962C6B66FE0087956A /* SpacerView.swift in Sources */ = {isa = PBXBuildFile; fileRef = 8AF4B5952C6B66FE0087956A /* SpacerView.swift */; };
		8AF95FA92C9708A700C6D484 /* TwoWayBinding.swift in Sources */ = {isa = PBXBuildFile; fileRef = 8AF95FA82C9708A700C6D484 /* TwoWayBinding.swift */; };
/* End PBXBuildFile section */

/* Begin PBXFileReference section */
		8A0C81292BA7D74A00B049A0 /* ColorThemeView.swift */ = {isa = PBXFileReference; lastKnownFileType = sourcecode.swift; path = ColorThemeView.swift; sourceTree = "<group>"; };
		8A0C812B2BA8381800B049A0 /* RectangleView.swift */ = {isa = PBXFileReference; lastKnownFileType = sourcecode.swift; path = RectangleView.swift; sourceTree = "<group>"; };
		8A0C812D2BA93A9600B049A0 /* NavigationDestinationView.swift */ = {isa = PBXFileReference; lastKnownFileType = sourcecode.swift; path = NavigationDestinationView.swift; sourceTree = "<group>"; };
		8A0C812F2BA93F0E00B049A0 /* ProgrammaticNavigationView.swift */ = {isa = PBXFileReference; lastKnownFileType = sourcecode.swift; path = ProgrammaticNavigationView.swift; sourceTree = "<group>"; };
		8A0C81312BA96ECA00B049A0 /* NavigationStackReturnView.swift */ = {isa = PBXFileReference; lastKnownFileType = sourcecode.swift; path = NavigationStackReturnView.swift; sourceTree = "<group>"; };
		8A0C81332BA9A6C000B049A0 /* NavigationStackPathStoreView.swift */ = {isa = PBXFileReference; lastKnownFileType = sourcecode.swift; path = NavigationStackPathStoreView.swift; sourceTree = "<group>"; };
		8A21FF272CEECDDD00E23806 /* OnDisappearModifier.swift */ = {isa = PBXFileReference; lastKnownFileType = sourcecode.swift; path = OnDisappearModifier.swift; sourceTree = "<group>"; };
		8A21FF292CF5CFEF00E23806 /* AlignmentGuideExample.swift */ = {isa = PBXFileReference; lastKnownFileType = sourcecode.swift; path = AlignmentGuideExample.swift; sourceTree = "<group>"; };
		8A37BE242B9D41130006E1D1 /* AlertModifier.swift */ = {isa = PBXFileReference; lastKnownFileType = sourcecode.swift; path = AlertModifier.swift; sourceTree = "<group>"; };
		8A37BE262B9D4D180006E1D1 /* RandomStruct.swift */ = {isa = PBXFileReference; lastKnownFileType = sourcecode.swift; path = RandomStruct.swift; sourceTree = "<group>"; };
		8A37BE292B9DE8540006E1D1 /* ModifierView.swift */ = {isa = PBXFileReference; lastKnownFileType = sourcecode.swift; path = ModifierView.swift; sourceTree = "<group>"; };
		8A3930052BC4BE47002E4819 /* NavigationSplitViewWithiPad.swift */ = {isa = PBXFileReference; lastKnownFileType = sourcecode.swift; path = NavigationSplitViewWithiPad.swift; sourceTree = "<group>"; };
		8A3930072BC4C423002E4819 /* AlertOptionalModifier.swift */ = {isa = PBXFileReference; lastKnownFileType = sourcecode.swift; path = AlertOptionalModifier.swift; sourceTree = "<group>"; };
		8A3930092BC4C579002E4819 /* SheetOptionalModifier.swift */ = {isa = PBXFileReference; lastKnownFileType = sourcecode.swift; path = SheetOptionalModifier.swift; sourceTree = "<group>"; };
		8A3E6F3D2BAAC6DC009BCEEB /* SendingReceivingDataStruct.swift */ = {isa = PBXFileReference; lastKnownFileType = sourcecode.swift; path = SendingReceivingDataStruct.swift; sourceTree = "<group>"; };
		8A3E6F402BAACC0F009BCEEB /* AsyncImageView.swift */ = {isa = PBXFileReference; lastKnownFileType = sourcecode.swift; path = AsyncImageView.swift; sourceTree = "<group>"; };
		8A41CAD92BEA600D00115EF6 /* FileImporterModifier.swift */ = {isa = PBXFileReference; lastKnownFileType = sourcecode.swift; path = FileImporterModifier.swift; sourceTree = "<group>"; };
		8A437C982CD51706000D5BB2 /* StateWrapperView.swift */ = {isa = PBXFileReference; lastKnownFileType = sourcecode.swift; path = StateWrapperView.swift; sourceTree = "<group>"; };
		8A4821BF2C8EAC5E003A1832 /* KeyboardModifier.swift */ = {isa = PBXFileReference; lastKnownFileType = sourcecode.swift; path = KeyboardModifier.swift; sourceTree = "<group>"; };
		8A48FFB32BC2D5E500DCBD3E /* GesturesView.swift */ = {isa = PBXFileReference; lastKnownFileType = sourcecode.swift; path = GesturesView.swift; sourceTree = "<group>"; };
		8A48FFB52BC2EF6A00DCBD3E /* HitTestingView.swift */ = {isa = PBXFileReference; lastKnownFileType = sourcecode.swift; path = HitTestingView.swift; sourceTree = "<group>"; };
		8A48FFB72BC3410D00DCBD3E /* TimerView.swift */ = {isa = PBXFileReference; lastKnownFileType = sourcecode.swift; path = TimerView.swift; sourceTree = "<group>"; };
		8A48FFB92BC3459C00DCBD3E /* ScenePhaseView.swift */ = {isa = PBXFileReference; lastKnownFileType = sourcecode.swift; path = ScenePhaseView.swift; sourceTree = "<group>"; };
		8A48FFBB2BC3487C00DCBD3E /* SpecificAccessibilityView.swift */ = {isa = PBXFileReference; lastKnownFileType = sourcecode.swift; path = SpecificAccessibilityView.swift; sourceTree = "<group>"; };
		8A48FFBE2BC3924000DCBD3E /* AlignmentView.swift */ = {isa = PBXFileReference; lastKnownFileType = sourcecode.swift; path = AlignmentView.swift; sourceTree = "<group>"; };
		8A48FFC02BC3C6E700DCBD3E /* CustomAlignmentView.swift */ = {isa = PBXFileReference; lastKnownFileType = sourcecode.swift; path = CustomAlignmentView.swift; sourceTree = "<group>"; };
		8A48FFC22BC3D45A00DCBD3E /* PositionView.swift */ = {isa = PBXFileReference; lastKnownFileType = sourcecode.swift; path = PositionView.swift; sourceTree = "<group>"; };
		8A48FFC42BC3EF3300DCBD3E /* GeometryReaderView.swift */ = {isa = PBXFileReference; lastKnownFileType = sourcecode.swift; path = GeometryReaderView.swift; sourceTree = "<group>"; };
		8A48FFC62BC3F32700DCBD3E /* GeometryReaderView2.swift */ = {isa = PBXFileReference; lastKnownFileType = sourcecode.swift; path = GeometryReaderView2.swift; sourceTree = "<group>"; };
		8A48FFC82BC3F7DF00DCBD3E /* GeometryReaderView3.swift */ = {isa = PBXFileReference; lastKnownFileType = sourcecode.swift; path = GeometryReaderView3.swift; sourceTree = "<group>"; };
		8A48FFCA2BC3FFC200DCBD3E /* GeometryReaderView4.swift */ = {isa = PBXFileReference; lastKnownFileType = sourcecode.swift; path = GeometryReaderView4.swift; sourceTree = "<group>"; };
		8A48FFCC2BC402BD00DCBD3E /* GeometryReaderView5.swift */ = {isa = PBXFileReference; lastKnownFileType = sourcecode.swift; path = GeometryReaderView5.swift; sourceTree = "<group>"; };
		8A48FFCE2BC406A100DCBD3E /* VisualEffectView.swift */ = {isa = PBXFileReference; lastKnownFileType = sourcecode.swift; path = VisualEffectView.swift; sourceTree = "<group>"; };
		8A4F98042BE5C669006DF411 /* GenericJsonView.swift */ = {isa = PBXFileReference; lastKnownFileType = sourcecode.swift; path = GenericJsonView.swift; sourceTree = "<group>"; };
		8A5683542BBE87A400A88B07 /* CoreImageView.swift */ = {isa = PBXFileReference; lastKnownFileType = sourcecode.swift; path = CoreImageView.swift; sourceTree = "<group>"; };
		8A5683562BBE8F2700A88B07 /* UnavailableView.swift */ = {isa = PBXFileReference; lastKnownFileType = sourcecode.swift; path = UnavailableView.swift; sourceTree = "<group>"; };
		8A5683582BBE995B00A88B07 /* PhotosPickerView.swift */ = {isa = PBXFileReference; lastKnownFileType = sourcecode.swift; path = PhotosPickerView.swift; sourceTree = "<group>"; };
		8A56835A2BBE9EF200A88B07 /* ShareLinkView.swift */ = {isa = PBXFileReference; lastKnownFileType = sourcecode.swift; path = ShareLinkView.swift; sourceTree = "<group>"; };
		8A56835C2BBEA1B600A88B07 /* RequestReviewView.swift */ = {isa = PBXFileReference; lastKnownFileType = sourcecode.swift; path = RequestReviewView.swift; sourceTree = "<group>"; };
		8A56835E2BBF6EDD00A88B07 /* ComparableStruct.swift */ = {isa = PBXFileReference; lastKnownFileType = sourcecode.swift; path = ComparableStruct.swift; sourceTree = "<group>"; };
		8A5683602BBF778F00A88B07 /* FileReadWriteView.swift */ = {isa = PBXFileReference; lastKnownFileType = sourcecode.swift; path = FileReadWriteView.swift; sourceTree = "<group>"; };
		8A5683622BBF7A5F00A88B07 /* EnumsView.swift */ = {isa = PBXFileReference; lastKnownFileType = sourcecode.swift; path = EnumsView.swift; sourceTree = "<group>"; };
		8A5683652BBF7C9300A88B07 /* MapKitView.swift */ = {isa = PBXFileReference; lastKnownFileType = sourcecode.swift; path = MapKitView.swift; sourceTree = "<group>"; };
		8A5683672BBF7E5100A88B07 /* MapKitPositionView.swift */ = {isa = PBXFileReference; lastKnownFileType = sourcecode.swift; path = MapKitPositionView.swift; sourceTree = "<group>"; };
		8A5683692BBF936600A88B07 /* MapKitAnnotationView.swift */ = {isa = PBXFileReference; lastKnownFileType = sourcecode.swift; path = MapKitAnnotationView.swift; sourceTree = "<group>"; };
		8A56836B2BBF94B800A88B07 /* MapKitMarkerView.swift */ = {isa = PBXFileReference; lastKnownFileType = sourcecode.swift; path = MapKitMarkerView.swift; sourceTree = "<group>"; };
		8A56836D2BBF957D00A88B07 /* MapKitTapView.swift */ = {isa = PBXFileReference; lastKnownFileType = sourcecode.swift; path = MapKitTapView.swift; sourceTree = "<group>"; };
		8A5683702BBF99B700A88B07 /* FaceIDTouchIDView.swift */ = {isa = PBXFileReference; lastKnownFileType = sourcecode.swift; path = FaceIDTouchIDView.swift; sourceTree = "<group>"; };
		8A5683732BC1489700A88B07 /* VoiceOverView.swift */ = {isa = PBXFileReference; lastKnownFileType = sourcecode.swift; path = VoiceOverView.swift; sourceTree = "<group>"; };
		8A5683752BC14B8E00A88B07 /* AccessibilityDataView.swift */ = {isa = PBXFileReference; lastKnownFileType = sourcecode.swift; path = AccessibilityDataView.swift; sourceTree = "<group>"; };
		8A5683772BC14E4000A88B07 /* AccessibilityControlView.swift */ = {isa = PBXFileReference; lastKnownFileType = sourcecode.swift; path = AccessibilityControlView.swift; sourceTree = "<group>"; };
		8A5683792BC1630C00A88B07 /* VoiceInputView.swift */ = {isa = PBXFileReference; lastKnownFileType = sourcecode.swift; path = VoiceInputView.swift; sourceTree = "<group>"; };
		8A56837B2BC172B900A88B07 /* OperatorOverloadStruct.swift */ = {isa = PBXFileReference; lastKnownFileType = sourcecode.swift; path = OperatorOverloadStruct.swift; sourceTree = "<group>"; };
		8A56837D2BC17E5400A88B07 /* PropertyWrapperStruct.swift */ = {isa = PBXFileReference; lastKnownFileType = sourcecode.swift; path = PropertyWrapperStruct.swift; sourceTree = "<group>"; };
		8A5ABFB22CDA2BB7003CBC1A /* PropertyWrapperAndUnderScoreName.swift */ = {isa = PBXFileReference; lastKnownFileType = sourcecode.swift; path = PropertyWrapperAndUnderScoreName.swift; sourceTree = "<group>"; };
		8A5ABFE22CDC6A5A003CBC1A /* QRCodeView.swift */ = {isa = PBXFileReference; lastKnownFileType = sourcecode.swift; path = QRCodeView.swift; sourceTree = "<group>"; };
		8A5AC0512CE30431003CBC1A /* OpacityView.swift */ = {isa = PBXFileReference; lastKnownFileType = sourcecode.swift; path = OpacityView.swift; sourceTree = "<group>"; };
		8A5AC0582CE352EA003CBC1A /* PresentationDetentsModifier.swift */ = {isa = PBXFileReference; lastKnownFileType = sourcecode.swift; path = PresentationDetentsModifier.swift; sourceTree = "<group>"; };
		8A5AC05A2CE356F8003CBC1A /* ViewThatFitsView.swift */ = {isa = PBXFileReference; lastKnownFileType = sourcecode.swift; path = ViewThatFitsView.swift; sourceTree = "<group>"; };
		8A5AC05D2CE36438003CBC1A /* ShareObjectView.swift */ = {isa = PBXFileReference; lastKnownFileType = sourcecode.swift; path = ShareObjectView.swift; sourceTree = "<group>"; };
		8A5AC0632CE36866003CBC1A /* EnvironmentView.swift */ = {isa = PBXFileReference; lastKnownFileType = sourcecode.swift; path = EnvironmentView.swift; sourceTree = "<group>"; };
		8A5AC0812CE447DA003CBC1A /* PathView.swift */ = {isa = PBXFileReference; lastKnownFileType = sourcecode.swift; path = PathView.swift; sourceTree = "<group>"; };
		8A5AC0832CE44C3E003CBC1A /* ShapeProtocalView.swift */ = {isa = PBXFileReference; lastKnownFileType = sourcecode.swift; path = ShapeProtocalView.swift; sourceTree = "<group>"; };
		8A5AC0852CE4570A003CBC1A /* InsettableShapeProtocalView.swift */ = {isa = PBXFileReference; lastKnownFileType = sourcecode.swift; path = InsettableShapeProtocalView.swift; sourceTree = "<group>"; };
		8A5AC0872CE47160003CBC1A /* FLowerShapeView.swift */ = {isa = PBXFileReference; lastKnownFileType = sourcecode.swift; path = FLowerShapeView.swift; sourceTree = "<group>"; };
		8A5AC0892CE47CA1003CBC1A /* ImagePaintView.swift */ = {isa = PBXFileReference; lastKnownFileType = sourcecode.swift; path = ImagePaintView.swift; sourceTree = "<group>"; };
		8A5AC08B2CE480BB003CBC1A /* DrawGroupView.swift */ = {isa = PBXFileReference; lastKnownFileType = sourcecode.swift; path = DrawGroupView.swift; sourceTree = "<group>"; };
		8A5AC08D2CE4A7AC003CBC1A /* SpecialEffectsBlurBlend.swift */ = {isa = PBXFileReference; lastKnownFileType = sourcecode.swift; path = SpecialEffectsBlurBlend.swift; sourceTree = "<group>"; };
		8A5AC0E72CEAEC54003CBC1A /* PrintTypeView.swift */ = {isa = PBXFileReference; lastKnownFileType = sourcecode.swift; path = PrintTypeView.swift; sourceTree = "<group>"; };
		8A5AC0EE2CED7713003CBC1A /* ViewBuilderView.swift */ = {isa = PBXFileReference; lastKnownFileType = sourcecode.swift; path = ViewBuilderView.swift; sourceTree = "<group>"; };
		8A5AC0F02CED8274003CBC1A /* GroupViewWithException.swift */ = {isa = PBXFileReference; lastKnownFileType = sourcecode.swift; path = GroupViewWithException.swift; sourceTree = "<group>"; };
		8A71AE1D2BA9D7D10076BE49 /* NavigationStackCustomizeView.swift */ = {isa = PBXFileReference; lastKnownFileType = sourcecode.swift; path = NavigationStackCustomizeView.swift; sourceTree = "<group>"; };
		8A71E7092B9AFF0600772A31 /* KeyBoardView.swift */ = {isa = PBXFileReference; lastKnownFileType = sourcecode.swift; path = KeyBoardView.swift; sourceTree = "<group>"; };
		8A71E70C2B9B055E00772A31 /* StackView.swift */ = {isa = PBXFileReference; lastKnownFileType = sourcecode.swift; path = StackView.swift; sourceTree = "<group>"; };
		8A71E70E2B9C686400772A31 /* ColorView.swift */ = {isa = PBXFileReference; lastKnownFileType = sourcecode.swift; path = ColorView.swift; sourceTree = "<group>"; };
		8A71E7102B9C6D4500772A31 /* GradientView.swift */ = {isa = PBXFileReference; lastKnownFileType = sourcecode.swift; path = GradientView.swift; sourceTree = "<group>"; };
		8A88DED42BC6066800C792C5 /* GroupView.swift */ = {isa = PBXFileReference; lastKnownFileType = sourcecode.swift; path = GroupView.swift; sourceTree = "<group>"; };
		8A88DED62BC60C5100C792C5 /* SearchableModifier.swift */ = {isa = PBXFileReference; lastKnownFileType = sourcecode.swift; path = SearchableModifier.swift; sourceTree = "<group>"; };
		8A91DDE12CC85D6D00F3BAB3 /* PushButtonView.swift */ = {isa = PBXFileReference; lastKnownFileType = sourcecode.swift; path = PushButtonView.swift; sourceTree = "<group>"; };
		8A91DDE32CC85F8F00F3BAB3 /* UsingPushButton.swift */ = {isa = PBXFileReference; lastKnownFileType = sourcecode.swift; path = UsingPushButton.swift; sourceTree = "<group>"; };
		8A9C5FA82CD89CED000E8566 /* GenericFileReadWrite.swift */ = {isa = PBXFileReference; lastKnownFileType = sourcecode.swift; path = GenericFileReadWrite.swift; sourceTree = "<group>"; };
		8A9D36FC2C8B595D00D56018 /* DividerView.swift */ = {isa = PBXFileReference; lastKnownFileType = sourcecode.swift; path = DividerView.swift; sourceTree = "<group>"; };
		8AAB085F2B9E845A0039A3FE /* PropertiesStruct.swift */ = {isa = PBXFileReference; lastKnownFileType = sourcecode.swift; path = PropertiesStruct.swift; sourceTree = "<group>"; };
		8AAB08612B9E86280039A3FE /* CustomView.swift */ = {isa = PBXFileReference; lastKnownFileType = sourcecode.swift; path = CustomView.swift; sourceTree = "<group>"; };
		8AAB08632B9E86FE0039A3FE /* CustomModifierView.swift */ = {isa = PBXFileReference; lastKnownFileType = sourcecode.swift; path = CustomModifierView.swift; sourceTree = "<group>"; };
		8AAB08652B9E89040039A3FE /* CustomContainersView.swift */ = {isa = PBXFileReference; lastKnownFileType = sourcecode.swift; path = CustomContainersView.swift; sourceTree = "<group>"; };
		8AAB08672B9EE9EA0039A3FE /* ForEachView.swift */ = {isa = PBXFileReference; lastKnownFileType = sourcecode.swift; path = ForEachView.swift; sourceTree = "<group>"; };
		8AAB08692B9F0CEC0039A3FE /* CustomBindingView.swift */ = {isa = PBXFileReference; lastKnownFileType = sourcecode.swift; path = CustomBindingView.swift; sourceTree = "<group>"; };
		8AAB086B2B9F0EAE0039A3FE /* ToggleView.swift */ = {isa = PBXFileReference; lastKnownFileType = sourcecode.swift; path = ToggleView.swift; sourceTree = "<group>"; };
		8AAB086D2B9F12C30039A3FE /* StepperView.swift */ = {isa = PBXFileReference; lastKnownFileType = sourcecode.swift; path = StepperView.swift; sourceTree = "<group>"; };
		8AAB086F2B9F13EC0039A3FE /* DatePickerView.swift */ = {isa = PBXFileReference; lastKnownFileType = sourcecode.swift; path = DatePickerView.swift; sourceTree = "<group>"; };
		8AAB08712B9FF04D0039A3FE /* DateComponentsStruct.swift */ = {isa = PBXFileReference; lastKnownFileType = sourcecode.swift; path = DateComponentsStruct.swift; sourceTree = "<group>"; };
		8AAB08782BA020440039A3FE /* SleepCalculator.mlmodel */ = {isa = PBXFileReference; lastKnownFileType = file.mlmodel; path = SleepCalculator.mlmodel; sourceTree = "<group>"; };
		8AAB087A2BA2F8D80039A3FE /* MLView.swift */ = {isa = PBXFileReference; lastKnownFileType = sourcecode.swift; path = MLView.swift; sourceTree = "<group>"; };
		8AAB087C2BA3D4530039A3FE /* BundleStruct.swift */ = {isa = PBXFileReference; lastKnownFileType = sourcecode.swift; path = BundleStruct.swift; sourceTree = "<group>"; };
		8AAB087E2BA3D5AD0039A3FE /* StringStruct.swift */ = {isa = PBXFileReference; lastKnownFileType = sourcecode.swift; path = StringStruct.swift; sourceTree = "<group>"; };
		8AAB08802BA3E4E10039A3FE /* ErrorStruct.swift */ = {isa = PBXFileReference; lastKnownFileType = sourcecode.swift; path = ErrorStruct.swift; sourceTree = "<group>"; };
		8AAB08822BA3EA070039A3FE /* ImplicitAnimationView.swift */ = {isa = PBXFileReference; lastKnownFileType = sourcecode.swift; path = ImplicitAnimationView.swift; sourceTree = "<group>"; };
		8AAB08842BA4087F0039A3FE /* AnimationBindingView.swift */ = {isa = PBXFileReference; lastKnownFileType = sourcecode.swift; path = AnimationBindingView.swift; sourceTree = "<group>"; };
		8AAB08862BA4118D0039A3FE /* ExplicitAnimationView.swift */ = {isa = PBXFileReference; lastKnownFileType = sourcecode.swift; path = ExplicitAnimationView.swift; sourceTree = "<group>"; };
		8AAB08882BA4333C0039A3FE /* ImplicitAnimationView2.swift */ = {isa = PBXFileReference; lastKnownFileType = sourcecode.swift; path = ImplicitAnimationView2.swift; sourceTree = "<group>"; };
		8AAB088A2BA43DC80039A3FE /* DragGestureView.swift */ = {isa = PBXFileReference; lastKnownFileType = sourcecode.swift; path = DragGestureView.swift; sourceTree = "<group>"; };
		8AAB088C2BA444030039A3FE /* ShowHideView.swift */ = {isa = PBXFileReference; lastKnownFileType = sourcecode.swift; path = ShowHideView.swift; sourceTree = "<group>"; };
		8AAB088E2BA445990039A3FE /* CustomTransitionView.swift */ = {isa = PBXFileReference; lastKnownFileType = sourcecode.swift; path = CustomTransitionView.swift; sourceTree = "<group>"; };
		8AAB08902BA48E3D0039A3FE /* ClassView.swift */ = {isa = PBXFileReference; lastKnownFileType = sourcecode.swift; path = ClassView.swift; sourceTree = "<group>"; };
		8AAB08922BA49F220039A3FE /* SheetModifier.swift */ = {isa = PBXFileReference; lastKnownFileType = sourcecode.swift; path = SheetModifier.swift; sourceTree = "<group>"; };
		8AAB81512BB4EF9B0047FD0C /* RatingView.swift */ = {isa = PBXFileReference; lastKnownFileType = sourcecode.swift; path = RatingView.swift; sourceTree = "<group>"; };
		8AAB81532BB4FC290047FD0C /* UsingRating.swift */ = {isa = PBXFileReference; lastKnownFileType = sourcecode.swift; path = UsingRating.swift; sourceTree = "<group>"; };
		8AAB81552BB4FD4C0047FD0C /* EmojiRatingView.swift */ = {isa = PBXFileReference; lastKnownFileType = sourcecode.swift; path = EmojiRatingView.swift; sourceTree = "<group>"; };
		8AAE14852BC20D1E009FA593 /* ListViewWithSelection.swift */ = {isa = PBXFileReference; lastKnownFileType = sourcecode.swift; path = ListViewWithSelection.swift; sourceTree = "<group>"; };
		8AAE14872BC20E87009FA593 /* TabsView.swift */ = {isa = PBXFileReference; lastKnownFileType = sourcecode.swift; path = TabsView.swift; sourceTree = "<group>"; };
		8AAE14892BC2113A009FA593 /* ResultTypeStruct.swift */ = {isa = PBXFileReference; lastKnownFileType = sourcecode.swift; path = ResultTypeStruct.swift; sourceTree = "<group>"; };
		8AAE148B2BC21672009FA593 /* ImageInterpolationView.swift */ = {isa = PBXFileReference; lastKnownFileType = sourcecode.swift; path = ImageInterpolationView.swift; sourceTree = "<group>"; };
		8AAE148D2BC21CFE009FA593 /* ContextMenuModifier.swift */ = {isa = PBXFileReference; lastKnownFileType = sourcecode.swift; path = ContextMenuModifier.swift; sourceTree = "<group>"; };
		8AAE148F2BC21F57009FA593 /* SwipeActionsModifier.swift */ = {isa = PBXFileReference; lastKnownFileType = sourcecode.swift; path = SwipeActionsModifier.swift; sourceTree = "<group>"; };
		8AAE14922BC22106009FA593 /* UserNotificationsView.swift */ = {isa = PBXFileReference; lastKnownFileType = sourcecode.swift; path = UserNotificationsView.swift; sourceTree = "<group>"; };
		8AAE14942BC28DCA009FA593 /* ToolbarItemView.swift */ = {isa = PBXFileReference; lastKnownFileType = sourcecode.swift; path = ToolbarItemView.swift; sourceTree = "<group>"; };
		8AB081A42CDBB69A0050C43E /* LocationFetcherView.swift */ = {isa = PBXFileReference; lastKnownFileType = sourcecode.swift; path = LocationFetcherView.swift; sourceTree = "<group>"; };
		8AB631E12CFAB387007E8541 /* PerformanceDiagnose.swift */ = {isa = PBXFileReference; lastKnownFileType = sourcecode.swift; path = PerformanceDiagnose.swift; sourceTree = "<group>"; };
		8AB7DC922BA5AB3800F97CE8 /* UserDefaultsStruct.swift */ = {isa = PBXFileReference; lastKnownFileType = sourcecode.swift; path = UserDefaultsStruct.swift; sourceTree = "<group>"; };
		8ABA907B2BB6914E00D41B7A /* EditBookView.swift */ = {isa = PBXFileReference; lastKnownFileType = sourcecode.swift; path = EditBookView.swift; sourceTree = "<group>"; };
		8ABA907D2BB699BE00D41B7A /* EditBookContentView.swift */ = {isa = PBXFileReference; lastKnownFileType = sourcecode.swift; path = EditBookContentView.swift; sourceTree = "<group>"; };
		8ABA907F2BB6A90E00D41B7A /* EditBookPredicateContentView.swift */ = {isa = PBXFileReference; lastKnownFileType = sourcecode.swift; path = EditBookPredicateContentView.swift; sourceTree = "<group>"; };
		8ABBE4432BB8EF5500D53F43 /* CarsView.swift */ = {isa = PBXFileReference; lastKnownFileType = sourcecode.swift; path = CarsView.swift; sourceTree = "<group>"; };
		8ABBE4452BB8FA9500D53F43 /* CarsViewContentView.swift */ = {isa = PBXFileReference; lastKnownFileType = sourcecode.swift; path = CarsViewContentView.swift; sourceTree = "<group>"; };
		8ABBE4472BB9116200D53F43 /* TagModifier.swift */ = {isa = PBXFileReference; lastKnownFileType = sourcecode.swift; path = TagModifier.swift; sourceTree = "<group>"; };
		8ABBE4492BB9209800D53F43 /* MenuView.swift */ = {isa = PBXFileReference; lastKnownFileType = sourcecode.swift; path = MenuView.swift; sourceTree = "<group>"; };
		8ABBE44B2BB9477700D53F43 /* Car.swift */ = {isa = PBXFileReference; lastKnownFileType = sourcecode.swift; path = Car.swift; sourceTree = "<group>"; };
		8ABBE44D2BB9764000D53F43 /* Tire.swift */ = {isa = PBXFileReference; lastKnownFileType = sourcecode.swift; path = Tire.swift; sourceTree = "<group>"; };
		8ABBE44F2BBAEFBF00D53F43 /* JsonAdvancedView.swift */ = {isa = PBXFileReference; lastKnownFileType = sourcecode.swift; path = JsonAdvancedView.swift; sourceTree = "<group>"; };
		8ABBE4512BBE1B0000D53F43 /* SliderView.swift */ = {isa = PBXFileReference; lastKnownFileType = sourcecode.swift; path = SliderView.swift; sourceTree = "<group>"; };
		8ABBE4532BBE28A200D53F43 /* OnChangeModifier.swift */ = {isa = PBXFileReference; lastKnownFileType = sourcecode.swift; path = OnChangeModifier.swift; sourceTree = "<group>"; };
		8ABBE4552BBE2ECC00D53F43 /* ConfirmationModifier.swift */ = {isa = PBXFileReference; lastKnownFileType = sourcecode.swift; path = ConfirmationModifier.swift; sourceTree = "<group>"; };
		8AC6E0A22BB47371000BA606 /* ToolbarModifier.swift */ = {isa = PBXFileReference; lastKnownFileType = sourcecode.swift; path = ToolbarModifier.swift; sourceTree = "<group>"; };
		8AC80AF92CDED50C000317A3 /* ShapeView.swift */ = {isa = PBXFileReference; lastKnownFileType = sourcecode.swift; path = ShapeView.swift; sourceTree = "<group>"; };
		8AC80AFB2CDEE7BF000317A3 /* CustomModifierView2.swift */ = {isa = PBXFileReference; lastKnownFileType = sourcecode.swift; path = CustomModifierView2.swift; sourceTree = "<group>"; };
		8AC80B012CDEF3AB000317A3 /* OnAppearModifier.swift */ = {isa = PBXFileReference; lastKnownFileType = sourcecode.swift; path = OnAppearModifier.swift; sourceTree = "<group>"; };
		8AC80B122CE37CE1000317A3 /* OnDeleteModifier.swift */ = {isa = PBXFileReference; lastKnownFileType = sourcecode.swift; path = OnDeleteModifier.swift; sourceTree = "<group>"; };
		8AC80B172CE41252000317A3 /* HorizontalSizeDynamicTypeView.swift */ = {isa = PBXFileReference; lastKnownFileType = sourcecode.swift; path = HorizontalSizeDynamicTypeView.swift; sourceTree = "<group>"; };
		8AC80B192CE4CB44000317A3 /* AnimatableDataView.swift */ = {isa = PBXFileReference; lastKnownFileType = sourcecode.swift; path = AnimatableDataView.swift; sourceTree = "<group>"; };
		8AC80B1B2CE4D912000317A3 /* AnimatablePairView.swift */ = {isa = PBXFileReference; lastKnownFileType = sourcecode.swift; path = AnimatablePairView.swift; sourceTree = "<group>"; };
		8AC80B1D2CE4E234000317A3 /* SpirographView.swift */ = {isa = PBXFileReference; lastKnownFileType = sourcecode.swift; path = SpirographView.swift; sourceTree = "<group>"; };
		8ACEF4C92B9935C20028AA58 /* swiftuiutility.app */ = {isa = PBXFileReference; explicitFileType = wrapper.application; includeInIndex = 0; path = swiftuiutility.app; sourceTree = BUILT_PRODUCTS_DIR; };
		8ACEF4CC2B9935C20028AA58 /* swiftuiutilityApp.swift */ = {isa = PBXFileReference; lastKnownFileType = sourcecode.swift; path = swiftuiutilityApp.swift; sourceTree = "<group>"; };
		8ACEF4CE2B9935C20028AA58 /* ContentView.swift */ = {isa = PBXFileReference; lastKnownFileType = sourcecode.swift; path = ContentView.swift; sourceTree = "<group>"; };
		8ACEF4D02B9935C30028AA58 /* Assets.xcassets */ = {isa = PBXFileReference; lastKnownFileType = folder.assetcatalog; path = Assets.xcassets; sourceTree = "<group>"; };
		8ACEF4D32B9935C30028AA58 /* Preview Assets.xcassets */ = {isa = PBXFileReference; lastKnownFileType = folder.assetcatalog; path = "Preview Assets.xcassets"; sourceTree = "<group>"; };
		8ACEF4DC2B9938140028AA58 /* ListView.swift */ = {isa = PBXFileReference; lastKnownFileType = sourcecode.swift; path = ListView.swift; sourceTree = "<group>"; };
		8ACEF4DE2B993D460028AA58 /* ImageView.swift */ = {isa = PBXFileReference; lastKnownFileType = sourcecode.swift; path = ImageView.swift; sourceTree = "<group>"; };
		8ACEF4E02B9941C10028AA58 /* ScrollListView.swift */ = {isa = PBXFileReference; lastKnownFileType = sourcecode.swift; path = ScrollListView.swift; sourceTree = "<group>"; };
		8ACEF4E22B99464F0028AA58 /* NavigationStackView.swift */ = {isa = PBXFileReference; lastKnownFileType = sourcecode.swift; path = NavigationStackView.swift; sourceTree = "<group>"; };
		8ACEF4E42B9972150028AA58 /* JsonView.swift */ = {isa = PBXFileReference; lastKnownFileType = sourcecode.swift; path = JsonView.swift; sourceTree = "<group>"; };
		8ACEF4E62B997EEF0028AA58 /* GridItemAndLazyVGridView.swift */ = {isa = PBXFileReference; lastKnownFileType = sourcecode.swift; path = GridItemAndLazyVGridView.swift; sourceTree = "<group>"; };
		8ACEF4E82B9994510028AA58 /* FormView.swift */ = {isa = PBXFileReference; lastKnownFileType = sourcecode.swift; path = FormView.swift; sourceTree = "<group>"; };
		8ACEF4EC2B9996050028AA58 /* NavigationLinkView.swift */ = {isa = PBXFileReference; lastKnownFileType = sourcecode.swift; path = NavigationLinkView.swift; sourceTree = "<group>"; };
		8ACEF4EE2B999A110028AA58 /* ButtonView.swift */ = {isa = PBXFileReference; lastKnownFileType = sourcecode.swift; path = ButtonView.swift; sourceTree = "<group>"; };
		8ACEF4F02B9A9AD50028AA58 /* TextFieldView.swift */ = {isa = PBXFileReference; lastKnownFileType = sourcecode.swift; path = TextFieldView.swift; sourceTree = "<group>"; };
		8ACEF4F22B9A9BFE0028AA58 /* PickerView.swift */ = {isa = PBXFileReference; lastKnownFileType = sourcecode.swift; path = PickerView.swift; sourceTree = "<group>"; };
		8ACEF4F52B9AC2320028AA58 /* TextView.swift */ = {isa = PBXFileReference; lastKnownFileType = sourcecode.swift; path = TextView.swift; sourceTree = "<group>"; };
		8AD11F862C909AC5002B5D41 /* UnitStruct.swift */ = {isa = PBXFileReference; lastKnownFileType = sourcecode.swift; path = UnitStruct.swift; sourceTree = "<group>"; };
		8AD11F882C911C35002B5D41 /* ViewCompositionWithProperty.swift */ = {isa = PBXFileReference; lastKnownFileType = sourcecode.swift; path = ViewCompositionWithProperty.swift; sourceTree = "<group>"; };
		8AD11F8A2C914576002B5D41 /* ViewCompositionWithStruct.swift */ = {isa = PBXFileReference; lastKnownFileType = sourcecode.swift; path = ViewCompositionWithStruct.swift; sourceTree = "<group>"; };
		8AD26C682BB3A22300A5FAD5 /* HapticEffects.swift */ = {isa = PBXFileReference; fileEncoding = 4; lastKnownFileType = sourcecode.swift; path = HapticEffects.swift; sourceTree = "<group>"; };
		8AD26C6B2BB3CBAB00A5FAD5 /* Order.swift */ = {isa = PBXFileReference; lastKnownFileType = sourcecode.swift; path = Order.swift; sourceTree = "<group>"; };
		8AD26C6D2BB3CC3300A5FAD5 /* BindableView1.swift */ = {isa = PBXFileReference; lastKnownFileType = sourcecode.swift; path = BindableView1.swift; sourceTree = "<group>"; };
		8AD26C6F2BB3CC5F00A5FAD5 /* BindableView2.swift */ = {isa = PBXFileReference; lastKnownFileType = sourcecode.swift; path = BindableView2.swift; sourceTree = "<group>"; };
		8AD26C722BB3CFFB00A5FAD5 /* DisabledModifier.swift */ = {isa = PBXFileReference; lastKnownFileType = sourcecode.swift; path = DisabledModifier.swift; sourceTree = "<group>"; };
		8AD26C742BB3D4C100A5FAD5 /* DecimalView.swift */ = {isa = PBXFileReference; lastKnownFileType = sourcecode.swift; path = DecimalView.swift; sourceTree = "<group>"; };
		8AD26C762BB3F03900A5FAD5 /* SendingReceivingDatatStruct2.swift */ = {isa = PBXFileReference; lastKnownFileType = sourcecode.swift; path = SendingReceivingDatatStruct2.swift; sourceTree = "<group>"; };
		8AD26C782BB410C500A5FAD5 /* BindingView.swift */ = {isa = PBXFileReference; lastKnownFileType = sourcecode.swift; path = BindingView.swift; sourceTree = "<group>"; };
		8AD26C7A2BB4141200A5FAD5 /* TextEditorView.swift */ = {isa = PBXFileReference; lastKnownFileType = sourcecode.swift; path = TextEditorView.swift; sourceTree = "<group>"; };
		8AD26C7D2BB42E1800A5FAD5 /* Book.swift */ = {isa = PBXFileReference; lastKnownFileType = sourcecode.swift; path = Book.swift; sourceTree = "<group>"; };
		8AD26C7F2BB4360700A5FAD5 /* SwiftDataView.swift */ = {isa = PBXFileReference; lastKnownFileType = sourcecode.swift; path = SwiftDataView.swift; sourceTree = "<group>"; };
		8AE84D242CCB169800A3742C /* SwiftDataWithCloudKit.swift */ = {isa = PBXFileReference; lastKnownFileType = sourcecode.swift; path = SwiftDataWithCloudKit.swift; sourceTree = "<group>"; };
		8AF4B58E2C6A217E0087956A /* LongLiveStreamView.swift */ = {isa = PBXFileReference; lastKnownFileType = sourcecode.swift; path = LongLiveStreamView.swift; sourceTree = "<group>"; };
		8AF4B5952C6B66FE0087956A /* SpacerView.swift */ = {isa = PBXFileReference; lastKnownFileType = sourcecode.swift; path = SpacerView.swift; sourceTree = "<group>"; };
		8AF95FA82C9708A700C6D484 /* TwoWayBinding.swift */ = {isa = PBXFileReference; lastKnownFileType = sourcecode.swift; path = TwoWayBinding.swift; sourceTree = "<group>"; };
/* End PBXFileReference section */

/* Begin PBXFrameworksBuildPhase section */
		8ACEF4C62B9935C20028AA58 /* Frameworks */ = {
			isa = PBXFrameworksBuildPhase;
			buildActionMask = 2147483647;
			files = (
			);
			runOnlyForDeploymentPostprocessing = 0;
		};
/* End PBXFrameworksBuildPhase section */

/* Begin PBXGroup section */
		8A37BE282B9D513B0006E1D1 /* datastruct */ = {
			isa = PBXGroup;
			children = (
				8A5AC0E72CEAEC54003CBC1A /* PrintTypeView.swift */,
				8A5AC05C2CE363F5003CBC1A /* shareobject */,
				8AAB08902BA48E3D0039A3FE /* ClassView.swift */,
				8A56835E2BBF6EDD00A88B07 /* ComparableStruct.swift */,
				8AAB08612B9E86280039A3FE /* CustomView.swift */,
				8AAB08652B9E89040039A3FE /* CustomContainersView.swift */,
				8AAB08692B9F0CEC0039A3FE /* CustomBindingView.swift */,
				8AAB08712B9FF04D0039A3FE /* DateComponentsStruct.swift */,
				8AD26C742BB3D4C100A5FAD5 /* DecimalView.swift */,
				8AAB08802BA3E4E10039A3FE /* ErrorStruct.swift */,
				8A5683622BBF7A5F00A88B07 /* EnumsView.swift */,
				8AAB08672B9EE9EA0039A3FE /* ForEachView.swift */,
				8A56837B2BC172B900A88B07 /* OperatorOverloadStruct.swift */,
				8AAB085F2B9E845A0039A3FE /* PropertiesStruct.swift */,
				8A56837D2BC17E5400A88B07 /* PropertyWrapperStruct.swift */,
				8A5ABFB22CDA2BB7003CBC1A /* PropertyWrapperAndUnderScoreName.swift */,
				8A37BE262B9D4D180006E1D1 /* RandomStruct.swift */,
				8AAE14892BC2113A009FA593 /* ResultTypeStruct.swift */,
				8AAB087E2BA3D5AD0039A3FE /* StringStruct.swift */,
				8A437C982CD51706000D5BB2 /* StateWrapperView.swift */,
				8A48FFB72BC3410D00DCBD3E /* TimerView.swift */,
				8AF95FA82C9708A700C6D484 /* TwoWayBinding.swift */,
				8AD11F862C909AC5002B5D41 /* UnitStruct.swift */,
			);
			path = datastruct;
			sourceTree = "<group>";
		};
		8A3930042BC4BE16002E4819 /* ipad */ = {
			isa = PBXGroup;
			children = (
				8A3930052BC4BE47002E4819 /* NavigationSplitViewWithiPad.swift */,
			);
			path = ipad;
			sourceTree = "<group>";
		};
		8A3E6F3F2BAACBC0009BCEEB /* network */ = {
			isa = PBXGroup;
			children = (
				8A3E6F402BAACC0F009BCEEB /* AsyncImageView.swift */,
				8AAB087C2BA3D4530039A3FE /* BundleStruct.swift */,
				8ACEF4E42B9972150028AA58 /* JsonView.swift */,
				8ABBE44F2BBAEFBF00D53F43 /* JsonAdvancedView.swift */,
				8A4F98042BE5C669006DF411 /* GenericJsonView.swift */,
				8AF4B58E2C6A217E0087956A /* LongLiveStreamView.swift */,
				8A3E6F3D2BAAC6DC009BCEEB /* SendingReceivingDataStruct.swift */,
				8AD26C762BB3F03900A5FAD5 /* SendingReceivingDatatStruct2.swift */,
			);
			path = network;
			sourceTree = "<group>";
		};
		8A48FFBD2BC3921D00DCBD3E /* layout */ = {
			isa = PBXGroup;
			children = (
				8ACEF4E62B997EEF0028AA58 /* GridItemAndLazyVGridView.swift */,
				8A48FFBE2BC3924000DCBD3E /* AlignmentView.swift */,
				8A21FF292CF5CFEF00E23806 /* AlignmentGuideExample.swift */,
				8A48FFC02BC3C6E700DCBD3E /* CustomAlignmentView.swift */,
				8A48FFC42BC3EF3300DCBD3E /* GeometryReaderView.swift */,
				8A48FFC62BC3F32700DCBD3E /* GeometryReaderView2.swift */,
				8A48FFC82BC3F7DF00DCBD3E /* GeometryReaderView3.swift */,
				8A48FFCA2BC3FFC200DCBD3E /* GeometryReaderView4.swift */,
				8A48FFCC2BC402BD00DCBD3E /* GeometryReaderView5.swift */,
				8A88DED42BC6066800C792C5 /* GroupView.swift */,
				8A5AC0F02CED8274003CBC1A /* GroupViewWithException.swift */,
				8AC80B172CE41252000317A3 /* HorizontalSizeDynamicTypeView.swift */,
				8A48FFC22BC3D45A00DCBD3E /* PositionView.swift */,
				8A71E70C2B9B055E00772A31 /* StackView.swift */,
				8AF4B5952C6B66FE0087956A /* SpacerView.swift */,
				8A5AC05A2CE356F8003CBC1A /* ViewThatFitsView.swift */,
				8A48FFCE2BC406A100DCBD3E /* VisualEffectView.swift */,
			);
			path = layout;
			sourceTree = "<group>";
		};
		8A5683532BBE876B00A88B07 /* image */ = {
			isa = PBXGroup;
			children = (
				8ACEF4DE2B993D460028AA58 /* ImageView.swift */,
				8AAE148B2BC21672009FA593 /* ImageInterpolationView.swift */,
				8A5683542BBE87A400A88B07 /* CoreImageView.swift */,
				8A5683582BBE995B00A88B07 /* PhotosPickerView.swift */,
				8A5ABFE22CDC6A5A003CBC1A /* QRCodeView.swift */,
			);
			path = image;
			sourceTree = "<group>";
		};
		8A5683642BBF7C1800A88B07 /* map */ = {
			isa = PBXGroup;
			children = (
				8A5683652BBF7C9300A88B07 /* MapKitView.swift */,
				8A5683672BBF7E5100A88B07 /* MapKitPositionView.swift */,
				8A56836B2BBF94B800A88B07 /* MapKitMarkerView.swift */,
				8A5683692BBF936600A88B07 /* MapKitAnnotationView.swift */,
				8A56836D2BBF957D00A88B07 /* MapKitTapView.swift */,
				8AB081A42CDBB69A0050C43E /* LocationFetcherView.swift */,
			);
			path = map;
			sourceTree = "<group>";
		};
		8A56836F2BBF980B00A88B07 /* biometric */ = {
			isa = PBXGroup;
			children = (
				8A5683702BBF99B700A88B07 /* FaceIDTouchIDView.swift */,
			);
			path = biometric;
			sourceTree = "<group>";
		};
		8A5683722BC1487100A88B07 /* accessibility */ = {
			isa = PBXGroup;
			children = (
				8A5683752BC14B8E00A88B07 /* AccessibilityDataView.swift */,
				8A5683772BC14E4000A88B07 /* AccessibilityControlView.swift */,
				8A48FFBB2BC3487C00DCBD3E /* SpecificAccessibilityView.swift */,
				8A5683732BC1489700A88B07 /* VoiceOverView.swift */,
				8A5683792BC1630C00A88B07 /* VoiceInputView.swift */,
			);
			path = accessibility;
			sourceTree = "<group>";
		};
		8A5AC05C2CE363F5003CBC1A /* shareobject */ = {
			isa = PBXGroup;
			children = (
				8A5AC05D2CE36438003CBC1A /* ShareObjectView.swift */,
				8AD26C782BB410C500A5FAD5 /* BindingView.swift */,
				8AD26C6A2BB3CB8A00A5FAD5 /* bindable */,
				8A5AC0632CE36866003CBC1A /* EnvironmentView.swift */,
			);
			path = shareobject;
			sourceTree = "<group>";
		};
		8A5AC0802CE4474E003CBC1A /* shape */ = {
			isa = PBXGroup;
			children = (
				8AC80AF92CDED50C000317A3 /* ShapeView.swift */,
				8A5AC0812CE447DA003CBC1A /* PathView.swift */,
				8A5AC0832CE44C3E003CBC1A /* ShapeProtocalView.swift */,
				8A5AC0852CE4570A003CBC1A /* InsettableShapeProtocalView.swift */,
				8A5AC0872CE47160003CBC1A /* FLowerShapeView.swift */,
				8A5AC0892CE47CA1003CBC1A /* ImagePaintView.swift */,
				8A5AC08B2CE480BB003CBC1A /* DrawGroupView.swift */,
				8A5AC08D2CE4A7AC003CBC1A /* SpecialEffectsBlurBlend.swift */,
				8AC80B192CE4CB44000317A3 /* AnimatableDataView.swift */,
				8AC80B1B2CE4D912000317A3 /* AnimatablePairView.swift */,
				8AC80B1D2CE4E234000317A3 /* SpirographView.swift */,
			);
			path = shape;
			sourceTree = "<group>";
		};
		8A71E70B2B9B033100772A31 /* color_animation_haptic */ = {
			isa = PBXGroup;
			children = (
				8AAB08842BA4087F0039A3FE /* AnimationBindingView.swift */,
				8A71E70E2B9C686400772A31 /* ColorView.swift */,
				8A0C81292BA7D74A00B049A0 /* ColorThemeView.swift */,
				8AAB088E2BA445990039A3FE /* CustomTransitionView.swift */,
				8AAB08862BA4118D0039A3FE /* ExplicitAnimationView.swift */,
				8A71E7102B9C6D4500772A31 /* GradientView.swift */,
				8AD26C682BB3A22300A5FAD5 /* HapticEffects.swift */,
				8AAB08822BA3EA070039A3FE /* ImplicitAnimationView.swift */,
				8AAB08882BA4333C0039A3FE /* ImplicitAnimationView2.swift */,
				8A5AC0512CE30431003CBC1A /* OpacityView.swift */,
				8AAB088C2BA444030039A3FE /* ShowHideView.swift */,
			);
			path = color_animation_haptic;
			sourceTree = "<group>";
		};
		8A9C5FA72CD89B54000E8566 /* file */ = {
			isa = PBXGroup;
			children = (
				8A5683602BBF778F00A88B07 /* FileReadWriteView.swift */,
				8A9C5FA82CD89CED000E8566 /* GenericFileReadWrite.swift */,
			);
			path = file;
			sourceTree = "<group>";
		};
		8AAB08732B9FF1D70039A3FE /* ml */ = {
			isa = PBXGroup;
			children = (
				8AAB087A2BA2F8D80039A3FE /* MLView.swift */,
				8AAB08782BA020440039A3FE /* SleepCalculator.mlmodel */,
			);
			path = ml;
			sourceTree = "<group>";
		};
		8AAB81502BB4EF770047FD0C /* custom */ = {
			isa = PBXGroup;
			children = (
				8AAB81552BB4FD4C0047FD0C /* EmojiRatingView.swift */,
				8A91DDE12CC85D6D00F3BAB3 /* PushButtonView.swift */,
				8A91DDE32CC85F8F00F3BAB3 /* UsingPushButton.swift */,
				8AAB81512BB4EF9B0047FD0C /* RatingView.swift */,
				8AAB81532BB4FC290047FD0C /* UsingRating.swift */,
			);
			path = custom;
			sourceTree = "<group>";
		};
		8AAE14912BC220D4009FA593 /* notification */ = {
			isa = PBXGroup;
			children = (
				8AAE14922BC22106009FA593 /* UserNotificationsView.swift */,
			);
			path = notification;
			sourceTree = "<group>";
		};
		8AAE14962BC2C83F009FA593 /* gesture */ = {
			isa = PBXGroup;
			children = (
				8AAB088A2BA43DC80039A3FE /* DragGestureView.swift */,
				8A48FFB32BC2D5E500DCBD3E /* GesturesView.swift */,
				8A48FFB52BC2EF6A00DCBD3E /* HitTestingView.swift */,
			);
			path = gesture;
			sourceTree = "<group>";
		};
		8AB631E22CFAB387007E8541 /* performance */ = {
			isa = PBXGroup;
			children = (
				8AB631E12CFAB387007E8541 /* PerformanceDiagnose.swift */,
			);
			path = performance;
			sourceTree = "<group>";
		};
		8ACEF4C02B9935C20028AA58 = {
			isa = PBXGroup;
			children = (
				8ACEF4CB2B9935C20028AA58 /* swiftuiutility */,
				8ACEF4CA2B9935C20028AA58 /* Products */,
			);
			sourceTree = "<group>";
		};
		8ACEF4CA2B9935C20028AA58 /* Products */ = {
			isa = PBXGroup;
			children = (
				8ACEF4C92B9935C20028AA58 /* swiftuiutility.app */,
			);
			name = Products;
			sourceTree = "<group>";
		};
		8ACEF4CB2B9935C20028AA58 /* swiftuiutility */ = {
			isa = PBXGroup;
			children = (
				8ACEF4DB2B9937EB0028AA58 /* component */,
				8ACEF4CC2B9935C20028AA58 /* swiftuiutilityApp.swift */,
				8ACEF4CE2B9935C20028AA58 /* ContentView.swift */,
				8ACEF4D02B9935C30028AA58 /* Assets.xcassets */,
				8ACEF4D22B9935C30028AA58 /* Preview Content */,
			);
			path = swiftuiutility;
			sourceTree = "<group>";
		};
		8ACEF4D22B9935C30028AA58 /* Preview Content */ = {
			isa = PBXGroup;
			children = (
				8ACEF4D32B9935C30028AA58 /* Preview Assets.xcassets */,
			);
			path = "Preview Content";
			sourceTree = "<group>";
		};
		8ACEF4DB2B9937EB0028AA58 /* component */ = {
			isa = PBXGroup;
			children = (
				8ACEF4F42B9A9E2E0028AA58 /* basic */,
				8AD26C712BB3CFC900A5FAD5 /* modifier */,
				8A48FFBD2BC3921D00DCBD3E /* layout */,
				8A71E70B2B9B033100772A31 /* color_animation_haptic */,
				8A3E6F3F2BAACBC0009BCEEB /* network */,
				8A5683532BBE876B00A88B07 /* image */,
				8A5683642BBF7C1800A88B07 /* map */,
				8A56836F2BBF980B00A88B07 /* biometric */,
				8AAE14962BC2C83F009FA593 /* gesture */,
				8AAE14912BC220D4009FA593 /* notification */,
				8A5683722BC1487100A88B07 /* accessibility */,
				8AD26C7C2BB42DFB00A5FAD5 /* swiftdata */,
				8AE0020E2CE811E20065C01F /* persistence */,
				8A37BE282B9D513B0006E1D1 /* datastruct */,
				8AAB81502BB4EF770047FD0C /* custom */,
				8AAB08732B9FF1D70039A3FE /* ml */,
				8A3930042BC4BE16002E4819 /* ipad */,
				8A5AC0802CE4474E003CBC1A /* shape */,
				8AB631E22CFAB387007E8541 /* performance */,
			);
			path = component;
			sourceTree = "<group>";
		};
		8ACEF4F42B9A9E2E0028AA58 /* basic */ = {
			isa = PBXGroup;
			children = (
				8ACEF4EE2B999A110028AA58 /* ButtonView.swift */,
				8AAB086F2B9F13EC0039A3FE /* DatePickerView.swift */,
				8A9D36FC2C8B595D00D56018 /* DividerView.swift */,
				8ACEF4E82B9994510028AA58 /* FormView.swift */,
				8A71E7092B9AFF0600772A31 /* KeyBoardView.swift */,
				8ACEF4DC2B9938140028AA58 /* ListView.swift */,
				8AAE14852BC20D1E009FA593 /* ListViewWithSelection.swift */,
				8ABBE4492BB9209800D53F43 /* MenuView.swift */,
				8ACEF4E22B99464F0028AA58 /* NavigationStackView.swift */,
				8A71AE1D2BA9D7D10076BE49 /* NavigationStackCustomizeView.swift */,
				8ACEF4EC2B9996050028AA58 /* NavigationLinkView.swift */,
				8A0C812D2BA93A9600B049A0 /* NavigationDestinationView.swift */,
				8A0C81312BA96ECA00B049A0 /* NavigationStackReturnView.swift */,
				8A0C81332BA9A6C000B049A0 /* NavigationStackPathStoreView.swift */,
				8ACEF4F22B9A9BFE0028AA58 /* PickerView.swift */,
				8A0C812F2BA93F0E00B049A0 /* ProgrammaticNavigationView.swift */,
				8A0C812B2BA8381800B049A0 /* RectangleView.swift */,
				8A56835C2BBEA1B600A88B07 /* RequestReviewView.swift */,
				8A48FFB92BC3459C00DCBD3E /* ScenePhaseView.swift */,
				8ACEF4E02B9941C10028AA58 /* ScrollListView.swift */,
				8A56835A2BBE9EF200A88B07 /* ShareLinkView.swift */,
				8ABBE4512BBE1B0000D53F43 /* SliderView.swift */,
				8AAB086D2B9F12C30039A3FE /* StepperView.swift */,
				8AAE14872BC20E87009FA593 /* TabsView.swift */,
				8ACEF4F52B9AC2320028AA58 /* TextView.swift */,
				8AD26C7A2BB4141200A5FAD5 /* TextEditorView.swift */,
				8ACEF4F02B9A9AD50028AA58 /* TextFieldView.swift */,
				8AAB086B2B9F0EAE0039A3FE /* ToggleView.swift */,
				8AAE14942BC28DCA009FA593 /* ToolbarItemView.swift */,
				8A5683562BBE8F2700A88B07 /* UnavailableView.swift */,
				8A5AC0EE2CED7713003CBC1A /* ViewBuilderView.swift */,
				8AD11F882C911C35002B5D41 /* ViewCompositionWithProperty.swift */,
				8AD11F8A2C914576002B5D41 /* ViewCompositionWithStruct.swift */,
			);
			path = basic;
			sourceTree = "<group>";
		};
		8AD26C6A2BB3CB8A00A5FAD5 /* bindable */ = {
			isa = PBXGroup;
			children = (
				8AD26C6B2BB3CBAB00A5FAD5 /* Order.swift */,
				8AD26C6D2BB3CC3300A5FAD5 /* BindableView1.swift */,
				8AD26C6F2BB3CC5F00A5FAD5 /* BindableView2.swift */,
			);
			path = bindable;
			sourceTree = "<group>";
		};
		8AD26C712BB3CFC900A5FAD5 /* modifier */ = {
			isa = PBXGroup;
			children = (
				8A37BE242B9D41130006E1D1 /* AlertModifier.swift */,
				8A3930072BC4C423002E4819 /* AlertOptionalModifier.swift */,
				8ABBE4552BBE2ECC00D53F43 /* ConfirmationModifier.swift */,
				8AAE148D2BC21CFE009FA593 /* ContextMenuModifier.swift */,
				8AAB08632B9E86FE0039A3FE /* CustomModifierView.swift */,
				8AC80AFB2CDEE7BF000317A3 /* CustomModifierView2.swift */,
				8AD26C722BB3CFFB00A5FAD5 /* DisabledModifier.swift */,
				8A41CAD92BEA600D00115EF6 /* FileImporterModifier.swift */,
				8A4821BF2C8EAC5E003A1832 /* KeyboardModifier.swift */,
				8A37BE292B9DE8540006E1D1 /* ModifierView.swift */,
				8AC80B012CDEF3AB000317A3 /* OnAppearModifier.swift */,
				8A21FF272CEECDDD00E23806 /* OnDisappearModifier.swift */,
				8ABBE4532BBE28A200D53F43 /* OnChangeModifier.swift */,
				8AC80B122CE37CE1000317A3 /* OnDeleteModifier.swift */,
				8A5AC0582CE352EA003CBC1A /* PresentationDetentsModifier.swift */,
				8A88DED62BC60C5100C792C5 /* SearchableModifier.swift */,
				8AAB08922BA49F220039A3FE /* SheetModifier.swift */,
				8A3930092BC4C579002E4819 /* SheetOptionalModifier.swift */,
				8AAE148F2BC21F57009FA593 /* SwipeActionsModifier.swift */,
				8ABBE4472BB9116200D53F43 /* TagModifier.swift */,
				8AC6E0A22BB47371000BA606 /* ToolbarModifier.swift */,
			);
			path = modifier;
			sourceTree = "<group>";
		};
		8AD26C7C2BB42DFB00A5FAD5 /* swiftdata */ = {
			isa = PBXGroup;
			children = (
				8AD26C7D2BB42E1800A5FAD5 /* Book.swift */,
				8AD26C7F2BB4360700A5FAD5 /* SwiftDataView.swift */,
				8ABA907B2BB6914E00D41B7A /* EditBookView.swift */,
				8ABA907D2BB699BE00D41B7A /* EditBookContentView.swift */,
				8ABA907F2BB6A90E00D41B7A /* EditBookPredicateContentView.swift */,
				8ABBE44B2BB9477700D53F43 /* Car.swift */,
				8ABBE44D2BB9764000D53F43 /* Tire.swift */,
				8ABBE4432BB8EF5500D53F43 /* CarsView.swift */,
				8ABBE4452BB8FA9500D53F43 /* CarsViewContentView.swift */,
				8AE84D242CCB169800A3742C /* SwiftDataWithCloudKit.swift */,
			);
			path = swiftdata;
			sourceTree = "<group>";
		};
		8AE0020E2CE811E20065C01F /* persistence */ = {
			isa = PBXGroup;
			children = (
				8AB7DC922BA5AB3800F97CE8 /* UserDefaultsStruct.swift */,
				8A9C5FA72CD89B54000E8566 /* file */,
			);
			path = persistence;
			sourceTree = "<group>";
		};
/* End PBXGroup section */

/* Begin PBXNativeTarget section */
		8ACEF4C82B9935C20028AA58 /* swiftuiutility */ = {
			isa = PBXNativeTarget;
			buildConfigurationList = 8ACEF4D72B9935C30028AA58 /* Build configuration list for PBXNativeTarget "swiftuiutility" */;
			buildPhases = (
				8ACEF4C52B9935C20028AA58 /* Sources */,
				8ACEF4C62B9935C20028AA58 /* Frameworks */,
				8ACEF4C72B9935C20028AA58 /* Resources */,
			);
			buildRules = (
			);
			dependencies = (
			);
			name = swiftuiutility;
			productName = swiftuiutility;
			productReference = 8ACEF4C92B9935C20028AA58 /* swiftuiutility.app */;
			productType = "com.apple.product-type.application";
		};
/* End PBXNativeTarget section */

/* Begin PBXProject section */
		8ACEF4C12B9935C20028AA58 /* Project object */ = {
			isa = PBXProject;
			attributes = {
				BuildIndependentTargetsInParallel = 1;
				LastSwiftUpdateCheck = 1510;
				LastUpgradeCheck = 1510;
				TargetAttributes = {
					8ACEF4C82B9935C20028AA58 = {
						CreatedOnToolsVersion = 15.1;
					};
				};
			};
			buildConfigurationList = 8ACEF4C42B9935C20028AA58 /* Build configuration list for PBXProject "swiftuiutility" */;
			compatibilityVersion = "Xcode 14.0";
			developmentRegion = en;
			hasScannedForEncodings = 0;
			knownRegions = (
				en,
				Base,
			);
			mainGroup = 8ACEF4C02B9935C20028AA58;
			productRefGroup = 8ACEF4CA2B9935C20028AA58 /* Products */;
			projectDirPath = "";
			projectRoot = "";
			targets = (
				8ACEF4C82B9935C20028AA58 /* swiftuiutility */,
			);
		};
/* End PBXProject section */

/* Begin PBXResourcesBuildPhase section */
		8ACEF4C72B9935C20028AA58 /* Resources */ = {
			isa = PBXResourcesBuildPhase;
			buildActionMask = 2147483647;
			files = (
				8ACEF4D42B9935C30028AA58 /* Preview Assets.xcassets in Resources */,
				8ACEF4D12B9935C30028AA58 /* Assets.xcassets in Resources */,
			);
			runOnlyForDeploymentPostprocessing = 0;
		};
/* End PBXResourcesBuildPhase section */

/* Begin PBXSourcesBuildPhase section */
		8ACEF4C52B9935C20028AA58 /* Sources */ = {
			isa = PBXSourcesBuildPhase;
			buildActionMask = 2147483647;
			files = (
				8AAE14862BC20D1E009FA593 /* ListViewWithSelection.swift in Sources */,
				8ACEF4E72B997EEF0028AA58 /* GridItemAndLazyVGridView.swift in Sources */,
				8A88DED52BC6066800C792C5 /* GroupView.swift in Sources */,
				8A48FFC12BC3C6E800DCBD3E /* CustomAlignmentView.swift in Sources */,
				8A37BE252B9D41130006E1D1 /* AlertModifier.swift in Sources */,
				8ACEF4DF2B993D460028AA58 /* ImageView.swift in Sources */,
				8A48FFC32BC3D45A00DCBD3E /* PositionView.swift in Sources */,
				8A0C81322BA96ECA00B049A0 /* NavigationStackReturnView.swift in Sources */,
				8A5ABFE32CDC6A64003CBC1A /* QRCodeView.swift in Sources */,
				8A56835F2BBF6EDD00A88B07 /* ComparableStruct.swift in Sources */,
				8AD26C702BB3CC5F00A5FAD5 /* BindableView2.swift in Sources */,
				8AD26C772BB3F03900A5FAD5 /* SendingReceivingDatatStruct2.swift in Sources */,
				8AAB08852BA4087F0039A3FE /* AnimationBindingView.swift in Sources */,
				8A48FFBC2BC3487C00DCBD3E /* SpecificAccessibilityView.swift in Sources */,
				8A21FF2A2CF5CFFC00E23806 /* AlignmentGuideExample.swift in Sources */,
				8AC80B022CDEF3AB000317A3 /* OnAppearModifier.swift in Sources */,
				8A48FFBF2BC3924000DCBD3E /* AlignmentView.swift in Sources */,
				8ABBE44A2BB9209800D53F43 /* MenuView.swift in Sources */,
				8A56837E2BC17E5400A88B07 /* PropertyWrapperStruct.swift in Sources */,
				8A39300A2BC4C579002E4819 /* SheetOptionalModifier.swift in Sources */,
				8A3E6F3E2BAAC6DC009BCEEB /* SendingReceivingDataStruct.swift in Sources */,
				8A5AC0522CE30437003CBC1A /* OpacityView.swift in Sources */,
				8AAB08812BA3E4E10039A3FE /* ErrorStruct.swift in Sources */,
				8ABA907C2BB6914E00D41B7A /* EditBookView.swift in Sources */,
				8AAB086E2B9F12C30039A3FE /* StepperView.swift in Sources */,
				8AD11F892C911C35002B5D41 /* ViewCompositionWithProperty.swift in Sources */,
				8ACEF4F12B9A9AD50028AA58 /* TextFieldView.swift in Sources */,
				8A3930062BC4BE47002E4819 /* NavigationSplitViewWithiPad.swift in Sources */,
				8A48FFC72BC3F32700DCBD3E /* GeometryReaderView2.swift in Sources */,
				8AD11F872C909AC5002B5D41 /* UnitStruct.swift in Sources */,
				8AF4B58F2C6A217F0087956A /* LongLiveStreamView.swift in Sources */,
				8A48FFC92BC3F7DF00DCBD3E /* GeometryReaderView3.swift in Sources */,
				8AAB81542BB4FC290047FD0C /* UsingRating.swift in Sources */,
				8A56837C2BC172B900A88B07 /* OperatorOverloadStruct.swift in Sources */,
				8ABBE4502BBAEFBF00D53F43 /* JsonAdvancedView.swift in Sources */,
				8A4821C02C8EAC5E003A1832 /* KeyboardModifier.swift in Sources */,
				8A5AC0882CE47166003CBC1A /* FLowerShapeView.swift in Sources */,
				8AAB81562BB4FD4C0047FD0C /* EmojiRatingView.swift in Sources */,
				8A0C81302BA93F0E00B049A0 /* ProgrammaticNavigationView.swift in Sources */,
				8AD11F8B2C914576002B5D41 /* ViewCompositionWithStruct.swift in Sources */,
				8AC80B182CE41255000317A3 /* HorizontalSizeDynamicTypeView.swift in Sources */,
				8A5683572BBE8F2700A88B07 /* UnavailableView.swift in Sources */,
				8A5AC0592CE352F0003CBC1A /* PresentationDetentsModifier.swift in Sources */,
				8A5683762BC14B8E00A88B07 /* AccessibilityDataView.swift in Sources */,
				8ACEF4F62B9AC2320028AA58 /* TextView.swift in Sources */,
				8AD26C7B2BB4141200A5FAD5 /* TextEditorView.swift in Sources */,
				8A9D36FD2C8B595D00D56018 /* DividerView.swift in Sources */,
				8AAB08702B9F13EC0039A3FE /* DatePickerView.swift in Sources */,
				8A5ABFB32CDA2BC7003CBC1A /* PropertyWrapperAndUnderScoreName.swift in Sources */,
				8ACEF4E32B99464F0028AA58 /* NavigationStackView.swift in Sources */,
				8AC80B1E2CE4E241000317A3 /* SpirographView.swift in Sources */,
				8ABA90802BB6A90E00D41B7A /* EditBookPredicateContentView.swift in Sources */,
				8ABBE4482BB9116200D53F43 /* TagModifier.swift in Sources */,
				8A5AC0E82CEAEC5B003CBC1A /* PrintTypeView.swift in Sources */,
				8A48FFBA2BC3459C00DCBD3E /* ScenePhaseView.swift in Sources */,
				8A5AC0642CE3686E003CBC1A /* EnvironmentView.swift in Sources */,
				8A37BE2A2B9DE8540006E1D1 /* ModifierView.swift in Sources */,
				8A0C812E2BA93A9600B049A0 /* NavigationDestinationView.swift in Sources */,
				8ABBE4542BBE28A200D53F43 /* OnChangeModifier.swift in Sources */,
				8A5AC08C2CE480C2003CBC1A /* DrawGroupView.swift in Sources */,
				8A5AC0822CE447E0003CBC1A /* PathView.swift in Sources */,
				8AAB08722B9FF04D0039A3FE /* DateComponentsStruct.swift in Sources */,
				8A5683632BBF7A5F00A88B07 /* EnumsView.swift in Sources */,
				8ACEF4CF2B9935C20028AA58 /* ContentView.swift in Sources */,
				8AAB08662B9E89040039A3FE /* CustomContainersView.swift in Sources */,
				8A5683712BBF99B700A88B07 /* FaceIDTouchIDView.swift in Sources */,
				8AD26C802BB4360700A5FAD5 /* SwiftDataView.swift in Sources */,
				8ABA907E2BB699BE00D41B7A /* EditBookContentView.swift in Sources */,
				8AAB08622B9E86280039A3FE /* CustomView.swift in Sources */,
				8ABBE4462BB8FA9500D53F43 /* CarsViewContentView.swift in Sources */,
				8A0C812C2BA8381800B049A0 /* RectangleView.swift in Sources */,
				8A88DED72BC60C5100C792C5 /* SearchableModifier.swift in Sources */,
				8A71E70A2B9AFF0600772A31 /* KeyBoardView.swift in Sources */,
				8AAB08792BA020440039A3FE /* SleepCalculator.mlmodel in Sources */,
				8AD26C7E2BB42E1800A5FAD5 /* Book.swift in Sources */,
				8A71E70F2B9C686400772A31 /* ColorView.swift in Sources */,
				8AAE14882BC20E87009FA593 /* TabsView.swift in Sources */,
				8A71E7112B9C6D4500772A31 /* GradientView.swift in Sources */,
				8AB631E32CFAB387007E8541 /* PerformanceDiagnose.swift in Sources */,
				8ACEF4CD2B9935C20028AA58 /* swiftuiutilityApp.swift in Sources */,
				8A91DDE42CC85F9600F3BAB3 /* UsingPushButton.swift in Sources */,
				8AAB81522BB4EF9B0047FD0C /* RatingView.swift in Sources */,
				8A56835B2BBE9EF200A88B07 /* ShareLinkView.swift in Sources */,
				8A5AC0EF2CED771D003CBC1A /* ViewBuilderView.swift in Sources */,
				8AAB08832BA3EA070039A3FE /* ImplicitAnimationView.swift in Sources */,
				8A56837A2BC1630C00A88B07 /* VoiceInputView.swift in Sources */,
				8ABBE4442BB8EF5500D53F43 /* CarsView.swift in Sources */,
				8ABBE44E2BB9764000D53F43 /* Tire.swift in Sources */,
				8ABBE4522BBE1B0000D53F43 /* SliderView.swift in Sources */,
				8ACEF4E12B9941C10028AA58 /* ScrollListView.swift in Sources */,
				8AAE148C2BC21672009FA593 /* ImageInterpolationView.swift in Sources */,
				8A48FFCF2BC406A100DCBD3E /* VisualEffectView.swift in Sources */,
				8A3E6F412BAACC0F009BCEEB /* AsyncImageView.swift in Sources */,
				8AD26C792BB410C500A5FAD5 /* BindingView.swift in Sources */,
				8A56836C2BBF94B800A88B07 /* MapKitMarkerView.swift in Sources */,
				8AAE14952BC28DCA009FA593 /* ToolbarItemView.swift in Sources */,
				8AD26C6C2BB3CBAB00A5FAD5 /* Order.swift in Sources */,
				8A48FFC52BC3EF3300DCBD3E /* GeometryReaderView.swift in Sources */,
				8ACEF4EF2B999A110028AA58 /* ButtonView.swift in Sources */,
				8AC80B132CE37CE1000317A3 /* OnDeleteModifier.swift in Sources */,
				8AAB08892BA4333C0039A3FE /* ImplicitAnimationView2.swift in Sources */,
				8A3930082BC4C423002E4819 /* AlertOptionalModifier.swift in Sources */,
				8A5683682BBF7E5100A88B07 /* MapKitPositionView.swift in Sources */,
				8AB081A52CDBB6AB0050C43E /* LocationFetcherView.swift in Sources */,
				8AAB087F2BA3D5AD0039A3FE /* StringStruct.swift in Sources */,
				8A5683612BBF778F00A88B07 /* FileReadWriteView.swift in Sources */,
				8ACEF4ED2B9996050028AA58 /* NavigationLinkView.swift in Sources */,
				8A56836E2BBF957D00A88B07 /* MapKitTapView.swift in Sources */,
				8AE84D252CCB16A000A3742C /* SwiftDataWithCloudKit.swift in Sources */,
				8A5AC0F12CED827D003CBC1A /* GroupViewWithException.swift in Sources */,
				8A437C992CD51720000D5BB2 /* StateWrapperView.swift in Sources */,
				8A21FF282CEECDEB00E23806 /* OnDisappearModifier.swift in Sources */,
				8A41CADA2BEA600D00115EF6 /* FileImporterModifier.swift in Sources */,
				8AC80AFC2CDEE7D1000317A3 /* CustomModifierView2.swift in Sources */,
				8A5683742BC1489700A88B07 /* VoiceOverView.swift in Sources */,
				8A71E70D2B9B055E00772A31 /* StackView.swift in Sources */,
				8AAB08642B9E86FE0039A3FE /* CustomModifierView.swift in Sources */,
				8AAB08872BA4118E0039A3FE /* ExplicitAnimationView.swift in Sources */,
				8ACEF4E92B9994510028AA58 /* FormView.swift in Sources */,
				8AAB086C2B9F0EAE0039A3FE /* ToggleView.swift in Sources */,
				8ACEF4F32B9A9BFE0028AA58 /* PickerView.swift in Sources */,
				8AAB086A2B9F0CEC0039A3FE /* CustomBindingView.swift in Sources */,
				8AAE148E2BC21CFE009FA593 /* ContextMenuModifier.swift in Sources */,
				8AAB088F2BA445990039A3FE /* CustomTransitionView.swift in Sources */,
				8A48FFB82BC3410D00DCBD3E /* TimerView.swift in Sources */,
				8AC80B1A2CE4CB4F000317A3 /* AnimatableDataView.swift in Sources */,
				8AAB088D2BA444030039A3FE /* ShowHideView.swift in Sources */,
				8ABBE44C2BB9477700D53F43 /* Car.swift in Sources */,
				8A5AC05B2CE35700003CBC1A /* ViewThatFitsView.swift in Sources */,
				8AAE148A2BC2113A009FA593 /* ResultTypeStruct.swift in Sources */,
				8AF4B5962C6B66FE0087956A /* SpacerView.swift in Sources */,
				8A5AC0862CE45715003CBC1A /* InsettableShapeProtocalView.swift in Sources */,
				8ACEF4E52B9972150028AA58 /* JsonView.swift in Sources */,
				8AAB087D2BA3D4530039A3FE /* BundleStruct.swift in Sources */,
				8A48FFCB2BC3FFC200DCBD3E /* GeometryReaderView4.swift in Sources */,
				8AC80AFA2CDED517000317A3 /* ShapeView.swift in Sources */,
				8A5683552BBE87A400A88B07 /* CoreImageView.swift in Sources */,
				8A5AC05E2CE3643F003CBC1A /* ShareObjectView.swift in Sources */,
				8AD26C692BB3A22400A5FAD5 /* HapticEffects.swift in Sources */,
				8AAB08932BA49F220039A3FE /* SheetModifier.swift in Sources */,
				8A91DDE22CC85D7300F3BAB3 /* PushButtonView.swift in Sources */,
				8A0C81342BA9A6C000B049A0 /* NavigationStackPathStoreView.swift in Sources */,
				8A56835D2BBEA1B600A88B07 /* RequestReviewView.swift in Sources */,
				8ACEF4DD2B9938150028AA58 /* ListView.swift in Sources */,
				8A37BE272B9D4D180006E1D1 /* RandomStruct.swift in Sources */,
				8A48FFCD2BC402BD00DCBD3E /* GeometryReaderView5.swift in Sources */,
				8AD26C752BB3D4C100A5FAD5 /* DecimalView.swift in Sources */,
				8AC80B1C2CE4D91C000317A3 /* AnimatablePairView.swift in Sources */,
				8AD26C732BB3CFFB00A5FAD5 /* DisabledModifier.swift in Sources */,
				8A5AC08E2CE4A7C5003CBC1A /* SpecialEffectsBlurBlend.swift in Sources */,
				8A48FFB42BC2D5E500DCBD3E /* GesturesView.swift in Sources */,
				8AF95FA92C9708A700C6D484 /* TwoWayBinding.swift in Sources */,
				8A71AE1E2BA9D7D10076BE49 /* NavigationStackCustomizeView.swift in Sources */,
				8ABBE4562BBE2ECC00D53F43 /* ConfirmationModifier.swift in Sources */,
				8A5683662BBF7C9300A88B07 /* MapKitView.swift in Sources */,
				8AAB08602B9E845A0039A3FE /* PropertiesStruct.swift in Sources */,
				8A5AC08A2CE47CA7003CBC1A /* ImagePaintView.swift in Sources */,
				8A5683782BC14E4000A88B07 /* AccessibilityControlView.swift in Sources */,
				8A56836A2BBF936600A88B07 /* MapKitAnnotationView.swift in Sources */,
				8AD26C6E2BB3CC3300A5FAD5 /* BindableView1.swift in Sources */,
				8A5683592BBE995B00A88B07 /* PhotosPickerView.swift in Sources */,
				8AAB087B2BA2F8D80039A3FE /* MLView.swift in Sources */,
				8AAE14932BC22106009FA593 /* UserNotificationsView.swift in Sources */,
				8A9C5FA92CD89CFB000E8566 /* GenericFileReadWrite.swift in Sources */,
				8A5AC0842CE44C42003CBC1A /* ShapeProtocalView.swift in Sources */,
				8AAB088B2BA43DC80039A3FE /* DragGestureView.swift in Sources */,
				8AC6E0A32BB47371000BA606 /* ToolbarModifier.swift in Sources */,
				8AAB08682B9EE9EA0039A3FE /* ForEachView.swift in Sources */,
				8A0C812A2BA7D74A00B049A0 /* ColorThemeView.swift in Sources */,
				8A48FFB62BC2EF6A00DCBD3E /* HitTestingView.swift in Sources */,
				8AB7DC932BA5AB3800F97CE8 /* UserDefaultsStruct.swift in Sources */,
				8A4F98052BE5C669006DF411 /* GenericJsonView.swift in Sources */,
				8AAB08912BA48E3D0039A3FE /* ClassView.swift in Sources */,
				8AAE14902BC21F57009FA593 /* SwipeActionsModifier.swift in Sources */,
			);
			runOnlyForDeploymentPostprocessing = 0;
		};
/* End PBXSourcesBuildPhase section */

/* Begin XCBuildConfiguration section */
		8ACEF4D52B9935C30028AA58 /* Debug */ = {
			isa = XCBuildConfiguration;
			buildSettings = {
				ALWAYS_SEARCH_USER_PATHS = NO;
				ASSETCATALOG_COMPILER_GENERATE_SWIFT_ASSET_SYMBOL_EXTENSIONS = YES;
				CLANG_ANALYZER_NONNULL = YES;
				CLANG_ANALYZER_NUMBER_OBJECT_CONVERSION = YES_AGGRESSIVE;
				CLANG_CXX_LANGUAGE_STANDARD = "gnu++20";
				CLANG_ENABLE_MODULES = YES;
				CLANG_ENABLE_OBJC_ARC = YES;
				CLANG_ENABLE_OBJC_WEAK = YES;
				CLANG_WARN_BLOCK_CAPTURE_AUTORELEASING = YES;
				CLANG_WARN_BOOL_CONVERSION = YES;
				CLANG_WARN_COMMA = YES;
				CLANG_WARN_CONSTANT_CONVERSION = YES;
				CLANG_WARN_DEPRECATED_OBJC_IMPLEMENTATIONS = YES;
				CLANG_WARN_DIRECT_OBJC_ISA_USAGE = YES_ERROR;
				CLANG_WARN_DOCUMENTATION_COMMENTS = YES;
				CLANG_WARN_EMPTY_BODY = YES;
				CLANG_WARN_ENUM_CONVERSION = YES;
				CLANG_WARN_INFINITE_RECURSION = YES;
				CLANG_WARN_INT_CONVERSION = YES;
				CLANG_WARN_NON_LITERAL_NULL_CONVERSION = YES;
				CLANG_WARN_OBJC_IMPLICIT_RETAIN_SELF = YES;
				CLANG_WARN_OBJC_LITERAL_CONVERSION = YES;
				CLANG_WARN_OBJC_ROOT_CLASS = YES_ERROR;
				CLANG_WARN_QUOTED_INCLUDE_IN_FRAMEWORK_HEADER = YES;
				CLANG_WARN_RANGE_LOOP_ANALYSIS = YES;
				CLANG_WARN_STRICT_PROTOTYPES = YES;
				CLANG_WARN_SUSPICIOUS_MOVE = YES;
				CLANG_WARN_UNGUARDED_AVAILABILITY = YES_AGGRESSIVE;
				CLANG_WARN_UNREACHABLE_CODE = YES;
				CLANG_WARN__DUPLICATE_METHOD_MATCH = YES;
				COPY_PHASE_STRIP = NO;
				DEBUG_INFORMATION_FORMAT = dwarf;
				ENABLE_STRICT_OBJC_MSGSEND = YES;
				ENABLE_TESTABILITY = YES;
				ENABLE_USER_SCRIPT_SANDBOXING = YES;
				GCC_C_LANGUAGE_STANDARD = gnu17;
				GCC_DYNAMIC_NO_PIC = NO;
				GCC_NO_COMMON_BLOCKS = YES;
				GCC_OPTIMIZATION_LEVEL = 0;
				GCC_PREPROCESSOR_DEFINITIONS = (
					"DEBUG=1",
					"$(inherited)",
				);
				GCC_WARN_64_TO_32_BIT_CONVERSION = YES;
				GCC_WARN_ABOUT_RETURN_TYPE = YES_ERROR;
				GCC_WARN_UNDECLARED_SELECTOR = YES;
				GCC_WARN_UNINITIALIZED_AUTOS = YES_AGGRESSIVE;
				GCC_WARN_UNUSED_FUNCTION = YES;
				GCC_WARN_UNUSED_VARIABLE = YES;
				IPHONEOS_DEPLOYMENT_TARGET = 17.2;
				LOCALIZATION_PREFERS_STRING_CATALOGS = YES;
				MTL_ENABLE_DEBUG_INFO = INCLUDE_SOURCE;
				MTL_FAST_MATH = YES;
				ONLY_ACTIVE_ARCH = YES;
				SDKROOT = iphoneos;
				SWIFT_ACTIVE_COMPILATION_CONDITIONS = "DEBUG $(inherited)";
				SWIFT_OPTIMIZATION_LEVEL = "-Onone";
			};
			name = Debug;
		};
		8ACEF4D62B9935C30028AA58 /* Release */ = {
			isa = XCBuildConfiguration;
			buildSettings = {
				ALWAYS_SEARCH_USER_PATHS = NO;
				ASSETCATALOG_COMPILER_GENERATE_SWIFT_ASSET_SYMBOL_EXTENSIONS = YES;
				CLANG_ANALYZER_NONNULL = YES;
				CLANG_ANALYZER_NUMBER_OBJECT_CONVERSION = YES_AGGRESSIVE;
				CLANG_CXX_LANGUAGE_STANDARD = "gnu++20";
				CLANG_ENABLE_MODULES = YES;
				CLANG_ENABLE_OBJC_ARC = YES;
				CLANG_ENABLE_OBJC_WEAK = YES;
				CLANG_WARN_BLOCK_CAPTURE_AUTORELEASING = YES;
				CLANG_WARN_BOOL_CONVERSION = YES;
				CLANG_WARN_COMMA = YES;
				CLANG_WARN_CONSTANT_CONVERSION = YES;
				CLANG_WARN_DEPRECATED_OBJC_IMPLEMENTATIONS = YES;
				CLANG_WARN_DIRECT_OBJC_ISA_USAGE = YES_ERROR;
				CLANG_WARN_DOCUMENTATION_COMMENTS = YES;
				CLANG_WARN_EMPTY_BODY = YES;
				CLANG_WARN_ENUM_CONVERSION = YES;
				CLANG_WARN_INFINITE_RECURSION = YES;
				CLANG_WARN_INT_CONVERSION = YES;
				CLANG_WARN_NON_LITERAL_NULL_CONVERSION = YES;
				CLANG_WARN_OBJC_IMPLICIT_RETAIN_SELF = YES;
				CLANG_WARN_OBJC_LITERAL_CONVERSION = YES;
				CLANG_WARN_OBJC_ROOT_CLASS = YES_ERROR;
				CLANG_WARN_QUOTED_INCLUDE_IN_FRAMEWORK_HEADER = YES;
				CLANG_WARN_RANGE_LOOP_ANALYSIS = YES;
				CLANG_WARN_STRICT_PROTOTYPES = YES;
				CLANG_WARN_SUSPICIOUS_MOVE = YES;
				CLANG_WARN_UNGUARDED_AVAILABILITY = YES_AGGRESSIVE;
				CLANG_WARN_UNREACHABLE_CODE = YES;
				CLANG_WARN__DUPLICATE_METHOD_MATCH = YES;
				COPY_PHASE_STRIP = NO;
				DEBUG_INFORMATION_FORMAT = "dwarf-with-dsym";
				ENABLE_NS_ASSERTIONS = NO;
				ENABLE_STRICT_OBJC_MSGSEND = YES;
				ENABLE_USER_SCRIPT_SANDBOXING = YES;
				GCC_C_LANGUAGE_STANDARD = gnu17;
				GCC_NO_COMMON_BLOCKS = YES;
				GCC_WARN_64_TO_32_BIT_CONVERSION = YES;
				GCC_WARN_ABOUT_RETURN_TYPE = YES_ERROR;
				GCC_WARN_UNDECLARED_SELECTOR = YES;
				GCC_WARN_UNINITIALIZED_AUTOS = YES_AGGRESSIVE;
				GCC_WARN_UNUSED_FUNCTION = YES;
				GCC_WARN_UNUSED_VARIABLE = YES;
				IPHONEOS_DEPLOYMENT_TARGET = 17.2;
				LOCALIZATION_PREFERS_STRING_CATALOGS = YES;
				MTL_ENABLE_DEBUG_INFO = NO;
				MTL_FAST_MATH = YES;
				SDKROOT = iphoneos;
				SWIFT_COMPILATION_MODE = wholemodule;
				VALIDATE_PRODUCT = YES;
			};
			name = Release;
		};
		8ACEF4D82B9935C30028AA58 /* Debug */ = {
			isa = XCBuildConfiguration;
			buildSettings = {
				ASSETCATALOG_COMPILER_APPICON_NAME = AppIcon;
				ASSETCATALOG_COMPILER_GLOBAL_ACCENT_COLOR_NAME = AccentColor;
				CODE_SIGN_IDENTITY = "Apple Development";
				CODE_SIGN_STYLE = Automatic;
				CURRENT_PROJECT_VERSION = 1;
				DEVELOPMENT_ASSET_PATHS = "\"swiftuiutility/Preview Content\"";
				DEVELOPMENT_TEAM = 62DH2Z26V5;
				ENABLE_PREVIEWS = YES;
				GENERATE_INFOPLIST_FILE = YES;
				INFOPLIST_KEY_NSFaceIDUsageDescription = "We need to unlock your data.";
				INFOPLIST_KEY_NSLocationWhenInUseUsageDescription = "show the location";
				INFOPLIST_KEY_UIApplicationSceneManifest_Generation = YES;
				INFOPLIST_KEY_UIApplicationSupportsIndirectInputEvents = YES;
				INFOPLIST_KEY_UILaunchScreen_Generation = YES;
				INFOPLIST_KEY_UISupportedInterfaceOrientations_iPad = "UIInterfaceOrientationPortrait UIInterfaceOrientationPortraitUpsideDown UIInterfaceOrientationLandscapeLeft UIInterfaceOrientationLandscapeRight";
				INFOPLIST_KEY_UISupportedInterfaceOrientations_iPhone = "UIInterfaceOrientationPortrait UIInterfaceOrientationLandscapeLeft UIInterfaceOrientationLandscapeRight";
				IPHONEOS_DEPLOYMENT_TARGET = 18.0;
				LD_RUNPATH_SEARCH_PATHS = (
					"$(inherited)",
					"@executable_path/Frameworks",
				);
				MARKETING_VERSION = 1.0;
				PRODUCT_BUNDLE_IDENTIFIER = ke.swiftuiutility;
				PRODUCT_NAME = "$(TARGET_NAME)";
				PROVISIONING_PROFILE_SPECIFIER = "";
				SUPPORTED_PLATFORMS = "iphoneos iphonesimulator";
				SUPPORTS_MACCATALYST = NO;
				SUPPORTS_MAC_DESIGNED_FOR_IPHONE_IPAD = NO;
				SUPPORTS_XR_DESIGNED_FOR_IPHONE_IPAD = NO;
				SWIFT_EMIT_LOC_STRINGS = YES;
				SWIFT_VERSION = 5.0;
				TARGETED_DEVICE_FAMILY = "1,2";
			};
			name = Debug;
		};
		8ACEF4D92B9935C30028AA58 /* Release */ = {
			isa = XCBuildConfiguration;
			buildSettings = {
				ASSETCATALOG_COMPILER_APPICON_NAME = AppIcon;
				ASSETCATALOG_COMPILER_GLOBAL_ACCENT_COLOR_NAME = AccentColor;
				CODE_SIGN_IDENTITY = "Apple Development";
				CODE_SIGN_STYLE = Automatic;
				CURRENT_PROJECT_VERSION = 1;
				DEVELOPMENT_ASSET_PATHS = "\"swiftuiutility/Preview Content\"";
				DEVELOPMENT_TEAM = 62DH2Z26V5;
				ENABLE_PREVIEWS = YES;
				GENERATE_INFOPLIST_FILE = YES;
				INFOPLIST_KEY_NSFaceIDUsageDescription = "We need to unlock your data.";
				INFOPLIST_KEY_NSLocationWhenInUseUsageDescription = "show the location";
				INFOPLIST_KEY_UIApplicationSceneManifest_Generation = YES;
				INFOPLIST_KEY_UIApplicationSupportsIndirectInputEvents = YES;
				INFOPLIST_KEY_UILaunchScreen_Generation = YES;
				INFOPLIST_KEY_UISupportedInterfaceOrientations_iPad = "UIInterfaceOrientationPortrait UIInterfaceOrientationPortraitUpsideDown UIInterfaceOrientationLandscapeLeft UIInterfaceOrientationLandscapeRight";
				INFOPLIST_KEY_UISupportedInterfaceOrientations_iPhone = "UIInterfaceOrientationPortrait UIInterfaceOrientationLandscapeLeft UIInterfaceOrientationLandscapeRight";
				IPHONEOS_DEPLOYMENT_TARGET = 18.0;
				LD_RUNPATH_SEARCH_PATHS = (
					"$(inherited)",
					"@executable_path/Frameworks",
				);
				MARKETING_VERSION = 1.0;
				PRODUCT_BUNDLE_IDENTIFIER = ke.swiftuiutility;
				PRODUCT_NAME = "$(TARGET_NAME)";
				PROVISIONING_PROFILE_SPECIFIER = "";
				SUPPORTED_PLATFORMS = "iphoneos iphonesimulator";
				SUPPORTS_MACCATALYST = NO;
				SUPPORTS_MAC_DESIGNED_FOR_IPHONE_IPAD = NO;
				SUPPORTS_XR_DESIGNED_FOR_IPHONE_IPAD = NO;
				SWIFT_EMIT_LOC_STRINGS = YES;
				SWIFT_VERSION = 5.0;
				TARGETED_DEVICE_FAMILY = "1,2";
			};
			name = Release;
		};
/* End XCBuildConfiguration section */

/* Begin XCConfigurationList section */
		8ACEF4C42B9935C20028AA58 /* Build configuration list for PBXProject "swiftuiutility" */ = {
			isa = XCConfigurationList;
			buildConfigurations = (
				8ACEF4D52B9935C30028AA58 /* Debug */,
				8ACEF4D62B9935C30028AA58 /* Release */,
			);
			defaultConfigurationIsVisible = 0;
			defaultConfigurationName = Release;
		};
		8ACEF4D72B9935C30028AA58 /* Build configuration list for PBXNativeTarget "swiftuiutility" */ = {
			isa = XCConfigurationList;
			buildConfigurations = (
				8ACEF4D82B9935C30028AA58 /* Debug */,
				8ACEF4D92B9935C30028AA58 /* Release */,
			);
			defaultConfigurationIsVisible = 0;
			defaultConfigurationName = Release;
		};
/* End XCConfigurationList section */
	};
	rootObject = 8ACEF4C12B9935C20028AA58 /* Project object */;
}
