// !$*UTF8*$!
{
	archiveVersion = 1;
	classes = {
	};
	objectVersion = 56;
	objects = {

/* Begin PBXBuildFile section */
		8A0C812A2BA7D74A00B049A0 /* ColorThemeView.swift in Sources */ = {isa = PBXBuildFile; fileRef = 8A0C81292BA7D74A00B049A0 /* ColorThemeView.swift */; };
		8A0C812C2BA8381800B049A0 /* RectangleView.swift in Sources */ = {isa = PBXBuildFile; fileRef = 8A0C812B2BA8381800B049A0 /* RectangleView.swift */; };
		8A0C812E2BA93A9600B049A0 /* NavigationDestinationView.swift in Sources */ = {isa = PBXBuildFile; fileRef = 8A0C812D2BA93A9600B049A0 /* NavigationDestinationView.swift */; };
		8A0C81302BA93F0E00B049A0 /* ProgrammaticNavigationView.swift in Sources */ = {isa = PBXBuildFile; fileRef = 8A0C812F2BA93F0E00B049A0 /* ProgrammaticNavigationView.swift */; };
		8A0C81322BA96ECA00B049A0 /* NavigationStackReturnView.swift in Sources */ = {isa = PBXBuildFile; fileRef = 8A0C81312BA96ECA00B049A0 /* NavigationStackReturnView.swift */; };
		8A0C81342BA9A6C000B049A0 /* NavigationStackSaveView.swift in Sources */ = {isa = PBXBuildFile; fileRef = 8A0C81332BA9A6C000B049A0 /* NavigationStackSaveView.swift */; };
		8A37BE252B9D41130006E1D1 /* AlertView.swift in Sources */ = {isa = PBXBuildFile; fileRef = 8A37BE242B9D41130006E1D1 /* AlertView.swift */; };
		8A37BE272B9D4D180006E1D1 /* RandomStruct.swift in Sources */ = {isa = PBXBuildFile; fileRef = 8A37BE262B9D4D180006E1D1 /* RandomStruct.swift */; };
		8A37BE2A2B9DE8540006E1D1 /* ModifierView.swift in Sources */ = {isa = PBXBuildFile; fileRef = 8A37BE292B9DE8540006E1D1 /* ModifierView.swift */; };
		8A3E6F3E2BAAC6DC009BCEEB /* SendingReceivingDataStruct.swift in Sources */ = {isa = PBXBuildFile; fileRef = 8A3E6F3D2BAAC6DC009BCEEB /* SendingReceivingDataStruct.swift */; };
		8A3E6F412BAACC0F009BCEEB /* AsyncImageView.swift in Sources */ = {isa = PBXBuildFile; fileRef = 8A3E6F402BAACC0F009BCEEB /* AsyncImageView.swift */; };
		8A71AE1E2BA9D7D10076BE49 /* NavigationStackCustomizeView.swift in Sources */ = {isa = PBXBuildFile; fileRef = 8A71AE1D2BA9D7D10076BE49 /* NavigationStackCustomizeView.swift */; };
		8A71E70A2B9AFF0600772A31 /* KeyBoardView.swift in Sources */ = {isa = PBXBuildFile; fileRef = 8A71E7092B9AFF0600772A31 /* KeyBoardView.swift */; };
		8A71E70D2B9B055E00772A31 /* StackView.swift in Sources */ = {isa = PBXBuildFile; fileRef = 8A71E70C2B9B055E00772A31 /* StackView.swift */; };
		8A71E70F2B9C686400772A31 /* ColorView.swift in Sources */ = {isa = PBXBuildFile; fileRef = 8A71E70E2B9C686400772A31 /* ColorView.swift */; };
		8A71E7112B9C6D4500772A31 /* GradientView.swift in Sources */ = {isa = PBXBuildFile; fileRef = 8A71E7102B9C6D4500772A31 /* GradientView.swift */; };
		8AAB08602B9E845A0039A3FE /* PropertiesStruct.swift in Sources */ = {isa = PBXBuildFile; fileRef = 8AAB085F2B9E845A0039A3FE /* PropertiesStruct.swift */; };
		8AAB08622B9E86280039A3FE /* CustomView.swift in Sources */ = {isa = PBXBuildFile; fileRef = 8AAB08612B9E86280039A3FE /* CustomView.swift */; };
		8AAB08642B9E86FE0039A3FE /* CustomModifierView.swift in Sources */ = {isa = PBXBuildFile; fileRef = 8AAB08632B9E86FE0039A3FE /* CustomModifierView.swift */; };
		8AAB08662B9E89040039A3FE /* CustomContainersView.swift in Sources */ = {isa = PBXBuildFile; fileRef = 8AAB08652B9E89040039A3FE /* CustomContainersView.swift */; };
		8AAB08682B9EE9EA0039A3FE /* ForEachView.swift in Sources */ = {isa = PBXBuildFile; fileRef = 8AAB08672B9EE9EA0039A3FE /* ForEachView.swift */; };
		8AAB086A2B9F0CEC0039A3FE /* CustomBindingView.swift in Sources */ = {isa = PBXBuildFile; fileRef = 8AAB08692B9F0CEC0039A3FE /* CustomBindingView.swift */; };
		8AAB086C2B9F0EAE0039A3FE /* ToggleView.swift in Sources */ = {isa = PBXBuildFile; fileRef = 8AAB086B2B9F0EAE0039A3FE /* ToggleView.swift */; };
		8AAB086E2B9F12C30039A3FE /* StepperView.swift in Sources */ = {isa = PBXBuildFile; fileRef = 8AAB086D2B9F12C30039A3FE /* StepperView.swift */; };
		8AAB08702B9F13EC0039A3FE /* DatePickerView.swift in Sources */ = {isa = PBXBuildFile; fileRef = 8AAB086F2B9F13EC0039A3FE /* DatePickerView.swift */; };
		8AAB08722B9FF04D0039A3FE /* DateComponentsStruct.swift in Sources */ = {isa = PBXBuildFile; fileRef = 8AAB08712B9FF04D0039A3FE /* DateComponentsStruct.swift */; };
		8AAB08792BA020440039A3FE /* SleepCalculator.mlmodel in Sources */ = {isa = PBXBuildFile; fileRef = 8AAB08782BA020440039A3FE /* SleepCalculator.mlmodel */; };
		8AAB087B2BA2F8D80039A3FE /* MLView.swift in Sources */ = {isa = PBXBuildFile; fileRef = 8AAB087A2BA2F8D80039A3FE /* MLView.swift */; };
		8AAB087D2BA3D4530039A3FE /* BundleStruct.swift in Sources */ = {isa = PBXBuildFile; fileRef = 8AAB087C2BA3D4530039A3FE /* BundleStruct.swift */; };
		8AAB087F2BA3D5AD0039A3FE /* StringStruct.swift in Sources */ = {isa = PBXBuildFile; fileRef = 8AAB087E2BA3D5AD0039A3FE /* StringStruct.swift */; };
		8AAB08812BA3E4E10039A3FE /* ErrorStruct.swift in Sources */ = {isa = PBXBuildFile; fileRef = 8AAB08802BA3E4E10039A3FE /* ErrorStruct.swift */; };
		8AAB08832BA3EA070039A3FE /* ImplicitAnimationView.swift in Sources */ = {isa = PBXBuildFile; fileRef = 8AAB08822BA3EA070039A3FE /* ImplicitAnimationView.swift */; };
		8AAB08852BA4087F0039A3FE /* AnimationBindingView.swift in Sources */ = {isa = PBXBuildFile; fileRef = 8AAB08842BA4087F0039A3FE /* AnimationBindingView.swift */; };
		8AAB08872BA4118E0039A3FE /* ExplicitAnimationView.swift in Sources */ = {isa = PBXBuildFile; fileRef = 8AAB08862BA4118D0039A3FE /* ExplicitAnimationView.swift */; };
		8AAB08892BA4333C0039A3FE /* ImplicitAnimationView2.swift in Sources */ = {isa = PBXBuildFile; fileRef = 8AAB08882BA4333C0039A3FE /* ImplicitAnimationView2.swift */; };
		8AAB088B2BA43DC80039A3FE /* GestureView.swift in Sources */ = {isa = PBXBuildFile; fileRef = 8AAB088A2BA43DC80039A3FE /* GestureView.swift */; };
		8AAB088D2BA444030039A3FE /* ShowHideView.swift in Sources */ = {isa = PBXBuildFile; fileRef = 8AAB088C2BA444030039A3FE /* ShowHideView.swift */; };
		8AAB088F2BA445990039A3FE /* CustomTransitionView.swift in Sources */ = {isa = PBXBuildFile; fileRef = 8AAB088E2BA445990039A3FE /* CustomTransitionView.swift */; };
		8AAB08912BA48E3D0039A3FE /* ClassView.swift in Sources */ = {isa = PBXBuildFile; fileRef = 8AAB08902BA48E3D0039A3FE /* ClassView.swift */; };
		8AAB08932BA49F220039A3FE /* SheetView.swift in Sources */ = {isa = PBXBuildFile; fileRef = 8AAB08922BA49F220039A3FE /* SheetView.swift */; };
		8AAB08952BA4A96E0039A3FE /* DeleteView.swift in Sources */ = {isa = PBXBuildFile; fileRef = 8AAB08942BA4A96E0039A3FE /* DeleteView.swift */; };
		8AB7DC932BA5AB3800F97CE8 /* UserDefaultsStruct.swift in Sources */ = {isa = PBXBuildFile; fileRef = 8AB7DC922BA5AB3800F97CE8 /* UserDefaultsStruct.swift */; };
		8ACEF4CD2B9935C20028AA58 /* swiftuiutilityApp.swift in Sources */ = {isa = PBXBuildFile; fileRef = 8ACEF4CC2B9935C20028AA58 /* swiftuiutilityApp.swift */; };
		8ACEF4CF2B9935C20028AA58 /* ContentView.swift in Sources */ = {isa = PBXBuildFile; fileRef = 8ACEF4CE2B9935C20028AA58 /* ContentView.swift */; };
		8ACEF4D12B9935C30028AA58 /* Assets.xcassets in Resources */ = {isa = PBXBuildFile; fileRef = 8ACEF4D02B9935C30028AA58 /* Assets.xcassets */; };
		8ACEF4D42B9935C30028AA58 /* Preview Assets.xcassets in Resources */ = {isa = PBXBuildFile; fileRef = 8ACEF4D32B9935C30028AA58 /* Preview Assets.xcassets */; };
		8ACEF4DD2B9938150028AA58 /* ListView.swift in Sources */ = {isa = PBXBuildFile; fileRef = 8ACEF4DC2B9938140028AA58 /* ListView.swift */; };
		8ACEF4DF2B993D460028AA58 /* ImageView.swift in Sources */ = {isa = PBXBuildFile; fileRef = 8ACEF4DE2B993D460028AA58 /* ImageView.swift */; };
		8ACEF4E12B9941C10028AA58 /* ScrollViewC.swift in Sources */ = {isa = PBXBuildFile; fileRef = 8ACEF4E02B9941C10028AA58 /* ScrollViewC.swift */; };
		8ACEF4E32B99464F0028AA58 /* NavigationStackView.swift in Sources */ = {isa = PBXBuildFile; fileRef = 8ACEF4E22B99464F0028AA58 /* NavigationStackView.swift */; };
		8ACEF4E52B9972150028AA58 /* JsonView.swift in Sources */ = {isa = PBXBuildFile; fileRef = 8ACEF4E42B9972150028AA58 /* JsonView.swift */; };
		8ACEF4E72B997EEF0028AA58 /* ScrollingGridView.swift in Sources */ = {isa = PBXBuildFile; fileRef = 8ACEF4E62B997EEF0028AA58 /* ScrollingGridView.swift */; };
		8ACEF4E92B9994510028AA58 /* FormView.swift in Sources */ = {isa = PBXBuildFile; fileRef = 8ACEF4E82B9994510028AA58 /* FormView.swift */; };
		8ACEF4ED2B9996050028AA58 /* NavigationLinkView.swift in Sources */ = {isa = PBXBuildFile; fileRef = 8ACEF4EC2B9996050028AA58 /* NavigationLinkView.swift */; };
		8ACEF4EF2B999A110028AA58 /* ButtonView.swift in Sources */ = {isa = PBXBuildFile; fileRef = 8ACEF4EE2B999A110028AA58 /* ButtonView.swift */; };
		8ACEF4F12B9A9AD50028AA58 /* TextFieldView.swift in Sources */ = {isa = PBXBuildFile; fileRef = 8ACEF4F02B9A9AD50028AA58 /* TextFieldView.swift */; };
		8ACEF4F32B9A9BFE0028AA58 /* PickerView.swift in Sources */ = {isa = PBXBuildFile; fileRef = 8ACEF4F22B9A9BFE0028AA58 /* PickerView.swift */; };
		8ACEF4F62B9AC2320028AA58 /* TextView.swift in Sources */ = {isa = PBXBuildFile; fileRef = 8ACEF4F52B9AC2320028AA58 /* TextView.swift */; };
		8AD26C692BB3A22400A5FAD5 /* HapticEffects.swift in Sources */ = {isa = PBXBuildFile; fileRef = 8AD26C682BB3A22300A5FAD5 /* HapticEffects.swift */; };
		8AD26C6C2BB3CBAB00A5FAD5 /* Order.swift in Sources */ = {isa = PBXBuildFile; fileRef = 8AD26C6B2BB3CBAB00A5FAD5 /* Order.swift */; };
		8AD26C6E2BB3CC3300A5FAD5 /* BindableView1.swift in Sources */ = {isa = PBXBuildFile; fileRef = 8AD26C6D2BB3CC3300A5FAD5 /* BindableView1.swift */; };
		8AD26C702BB3CC5F00A5FAD5 /* BindableView2.swift in Sources */ = {isa = PBXBuildFile; fileRef = 8AD26C6F2BB3CC5F00A5FAD5 /* BindableView2.swift */; };
		8AD26C732BB3CFFB00A5FAD5 /* DisabledModifier.swift in Sources */ = {isa = PBXBuildFile; fileRef = 8AD26C722BB3CFFB00A5FAD5 /* DisabledModifier.swift */; };
		8AD26C752BB3D4C100A5FAD5 /* DecimalView.swift in Sources */ = {isa = PBXBuildFile; fileRef = 8AD26C742BB3D4C100A5FAD5 /* DecimalView.swift */; };
		8AD26C772BB3F03900A5FAD5 /* SendingReceivingDatatStruct2.swift in Sources */ = {isa = PBXBuildFile; fileRef = 8AD26C762BB3F03900A5FAD5 /* SendingReceivingDatatStruct2.swift */; };
		8AD26C792BB410C500A5FAD5 /* AtStateAtBinding.swift in Sources */ = {isa = PBXBuildFile; fileRef = 8AD26C782BB410C500A5FAD5 /* AtStateAtBinding.swift */; };
		8AD26C7B2BB4141200A5FAD5 /* TextEditorView.swift in Sources */ = {isa = PBXBuildFile; fileRef = 8AD26C7A2BB4141200A5FAD5 /* TextEditorView.swift */; };
		8AD26C7E2BB42E1800A5FAD5 /* Student.swift in Sources */ = {isa = PBXBuildFile; fileRef = 8AD26C7D2BB42E1800A5FAD5 /* Student.swift */; };
		8AD26C802BB4360700A5FAD5 /* SwiftDataView.swift in Sources */ = {isa = PBXBuildFile; fileRef = 8AD26C7F2BB4360700A5FAD5 /* SwiftDataView.swift */; };
/* End PBXBuildFile section */

/* Begin PBXFileReference section */
		8A0C81292BA7D74A00B049A0 /* ColorThemeView.swift */ = {isa = PBXFileReference; lastKnownFileType = sourcecode.swift; path = ColorThemeView.swift; sourceTree = "<group>"; };
		8A0C812B2BA8381800B049A0 /* RectangleView.swift */ = {isa = PBXFileReference; lastKnownFileType = sourcecode.swift; path = RectangleView.swift; sourceTree = "<group>"; };
		8A0C812D2BA93A9600B049A0 /* NavigationDestinationView.swift */ = {isa = PBXFileReference; lastKnownFileType = sourcecode.swift; path = NavigationDestinationView.swift; sourceTree = "<group>"; };
		8A0C812F2BA93F0E00B049A0 /* ProgrammaticNavigationView.swift */ = {isa = PBXFileReference; lastKnownFileType = sourcecode.swift; path = ProgrammaticNavigationView.swift; sourceTree = "<group>"; };
		8A0C81312BA96ECA00B049A0 /* NavigationStackReturnView.swift */ = {isa = PBXFileReference; lastKnownFileType = sourcecode.swift; path = NavigationStackReturnView.swift; sourceTree = "<group>"; };
		8A0C81332BA9A6C000B049A0 /* NavigationStackSaveView.swift */ = {isa = PBXFileReference; lastKnownFileType = sourcecode.swift; path = NavigationStackSaveView.swift; sourceTree = "<group>"; };
		8A37BE242B9D41130006E1D1 /* AlertView.swift */ = {isa = PBXFileReference; lastKnownFileType = sourcecode.swift; path = AlertView.swift; sourceTree = "<group>"; };
		8A37BE262B9D4D180006E1D1 /* RandomStruct.swift */ = {isa = PBXFileReference; lastKnownFileType = sourcecode.swift; path = RandomStruct.swift; sourceTree = "<group>"; };
		8A37BE292B9DE8540006E1D1 /* ModifierView.swift */ = {isa = PBXFileReference; lastKnownFileType = sourcecode.swift; path = ModifierView.swift; sourceTree = "<group>"; };
		8A3E6F3D2BAAC6DC009BCEEB /* SendingReceivingDataStruct.swift */ = {isa = PBXFileReference; lastKnownFileType = sourcecode.swift; path = SendingReceivingDataStruct.swift; sourceTree = "<group>"; };
		8A3E6F402BAACC0F009BCEEB /* AsyncImageView.swift */ = {isa = PBXFileReference; lastKnownFileType = sourcecode.swift; path = AsyncImageView.swift; sourceTree = "<group>"; };
		8A71AE1D2BA9D7D10076BE49 /* NavigationStackCustomizeView.swift */ = {isa = PBXFileReference; lastKnownFileType = sourcecode.swift; path = NavigationStackCustomizeView.swift; sourceTree = "<group>"; };
		8A71E7092B9AFF0600772A31 /* KeyBoardView.swift */ = {isa = PBXFileReference; lastKnownFileType = sourcecode.swift; path = KeyBoardView.swift; sourceTree = "<group>"; };
		8A71E70C2B9B055E00772A31 /* StackView.swift */ = {isa = PBXFileReference; lastKnownFileType = sourcecode.swift; path = StackView.swift; sourceTree = "<group>"; };
		8A71E70E2B9C686400772A31 /* ColorView.swift */ = {isa = PBXFileReference; lastKnownFileType = sourcecode.swift; path = ColorView.swift; sourceTree = "<group>"; };
		8A71E7102B9C6D4500772A31 /* GradientView.swift */ = {isa = PBXFileReference; lastKnownFileType = sourcecode.swift; path = GradientView.swift; sourceTree = "<group>"; };
		8AAB085F2B9E845A0039A3FE /* PropertiesStruct.swift */ = {isa = PBXFileReference; lastKnownFileType = sourcecode.swift; path = PropertiesStruct.swift; sourceTree = "<group>"; };
		8AAB08612B9E86280039A3FE /* CustomView.swift */ = {isa = PBXFileReference; lastKnownFileType = sourcecode.swift; path = CustomView.swift; sourceTree = "<group>"; };
		8AAB08632B9E86FE0039A3FE /* CustomModifierView.swift */ = {isa = PBXFileReference; lastKnownFileType = sourcecode.swift; path = CustomModifierView.swift; sourceTree = "<group>"; };
		8AAB08652B9E89040039A3FE /* CustomContainersView.swift */ = {isa = PBXFileReference; lastKnownFileType = sourcecode.swift; path = CustomContainersView.swift; sourceTree = "<group>"; };
		8AAB08672B9EE9EA0039A3FE /* ForEachView.swift */ = {isa = PBXFileReference; lastKnownFileType = sourcecode.swift; path = ForEachView.swift; sourceTree = "<group>"; };
		8AAB08692B9F0CEC0039A3FE /* CustomBindingView.swift */ = {isa = PBXFileReference; lastKnownFileType = sourcecode.swift; path = CustomBindingView.swift; sourceTree = "<group>"; };
		8AAB086B2B9F0EAE0039A3FE /* ToggleView.swift */ = {isa = PBXFileReference; lastKnownFileType = sourcecode.swift; path = ToggleView.swift; sourceTree = "<group>"; };
		8AAB086D2B9F12C30039A3FE /* StepperView.swift */ = {isa = PBXFileReference; lastKnownFileType = sourcecode.swift; path = StepperView.swift; sourceTree = "<group>"; };
		8AAB086F2B9F13EC0039A3FE /* DatePickerView.swift */ = {isa = PBXFileReference; lastKnownFileType = sourcecode.swift; path = DatePickerView.swift; sourceTree = "<group>"; };
		8AAB08712B9FF04D0039A3FE /* DateComponentsStruct.swift */ = {isa = PBXFileReference; lastKnownFileType = sourcecode.swift; path = DateComponentsStruct.swift; sourceTree = "<group>"; };
		8AAB08782BA020440039A3FE /* SleepCalculator.mlmodel */ = {isa = PBXFileReference; lastKnownFileType = file.mlmodel; path = SleepCalculator.mlmodel; sourceTree = "<group>"; };
		8AAB087A2BA2F8D80039A3FE /* MLView.swift */ = {isa = PBXFileReference; lastKnownFileType = sourcecode.swift; path = MLView.swift; sourceTree = "<group>"; };
		8AAB087C2BA3D4530039A3FE /* BundleStruct.swift */ = {isa = PBXFileReference; lastKnownFileType = sourcecode.swift; path = BundleStruct.swift; sourceTree = "<group>"; };
		8AAB087E2BA3D5AD0039A3FE /* StringStruct.swift */ = {isa = PBXFileReference; lastKnownFileType = sourcecode.swift; path = StringStruct.swift; sourceTree = "<group>"; };
		8AAB08802BA3E4E10039A3FE /* ErrorStruct.swift */ = {isa = PBXFileReference; lastKnownFileType = sourcecode.swift; path = ErrorStruct.swift; sourceTree = "<group>"; };
		8AAB08822BA3EA070039A3FE /* ImplicitAnimationView.swift */ = {isa = PBXFileReference; lastKnownFileType = sourcecode.swift; path = ImplicitAnimationView.swift; sourceTree = "<group>"; };
		8AAB08842BA4087F0039A3FE /* AnimationBindingView.swift */ = {isa = PBXFileReference; lastKnownFileType = sourcecode.swift; path = AnimationBindingView.swift; sourceTree = "<group>"; };
		8AAB08862BA4118D0039A3FE /* ExplicitAnimationView.swift */ = {isa = PBXFileReference; lastKnownFileType = sourcecode.swift; path = ExplicitAnimationView.swift; sourceTree = "<group>"; };
		8AAB08882BA4333C0039A3FE /* ImplicitAnimationView2.swift */ = {isa = PBXFileReference; lastKnownFileType = sourcecode.swift; path = ImplicitAnimationView2.swift; sourceTree = "<group>"; };
		8AAB088A2BA43DC80039A3FE /* GestureView.swift */ = {isa = PBXFileReference; lastKnownFileType = sourcecode.swift; path = GestureView.swift; sourceTree = "<group>"; };
		8AAB088C2BA444030039A3FE /* ShowHideView.swift */ = {isa = PBXFileReference; lastKnownFileType = sourcecode.swift; path = ShowHideView.swift; sourceTree = "<group>"; };
		8AAB088E2BA445990039A3FE /* CustomTransitionView.swift */ = {isa = PBXFileReference; lastKnownFileType = sourcecode.swift; path = CustomTransitionView.swift; sourceTree = "<group>"; };
		8AAB08902BA48E3D0039A3FE /* ClassView.swift */ = {isa = PBXFileReference; lastKnownFileType = sourcecode.swift; path = ClassView.swift; sourceTree = "<group>"; };
		8AAB08922BA49F220039A3FE /* SheetView.swift */ = {isa = PBXFileReference; lastKnownFileType = sourcecode.swift; path = SheetView.swift; sourceTree = "<group>"; };
		8AAB08942BA4A96E0039A3FE /* DeleteView.swift */ = {isa = PBXFileReference; lastKnownFileType = sourcecode.swift; path = DeleteView.swift; sourceTree = "<group>"; };
		8AB7DC922BA5AB3800F97CE8 /* UserDefaultsStruct.swift */ = {isa = PBXFileReference; lastKnownFileType = sourcecode.swift; path = UserDefaultsStruct.swift; sourceTree = "<group>"; };
		8ACEF4C92B9935C20028AA58 /* swiftuiutility.app */ = {isa = PBXFileReference; explicitFileType = wrapper.application; includeInIndex = 0; path = swiftuiutility.app; sourceTree = BUILT_PRODUCTS_DIR; };
		8ACEF4CC2B9935C20028AA58 /* swiftuiutilityApp.swift */ = {isa = PBXFileReference; lastKnownFileType = sourcecode.swift; path = swiftuiutilityApp.swift; sourceTree = "<group>"; };
		8ACEF4CE2B9935C20028AA58 /* ContentView.swift */ = {isa = PBXFileReference; lastKnownFileType = sourcecode.swift; path = ContentView.swift; sourceTree = "<group>"; };
		8ACEF4D02B9935C30028AA58 /* Assets.xcassets */ = {isa = PBXFileReference; lastKnownFileType = folder.assetcatalog; path = Assets.xcassets; sourceTree = "<group>"; };
		8ACEF4D32B9935C30028AA58 /* Preview Assets.xcassets */ = {isa = PBXFileReference; lastKnownFileType = folder.assetcatalog; path = "Preview Assets.xcassets"; sourceTree = "<group>"; };
		8ACEF4DC2B9938140028AA58 /* ListView.swift */ = {isa = PBXFileReference; lastKnownFileType = sourcecode.swift; path = ListView.swift; sourceTree = "<group>"; };
		8ACEF4DE2B993D460028AA58 /* ImageView.swift */ = {isa = PBXFileReference; lastKnownFileType = sourcecode.swift; path = ImageView.swift; sourceTree = "<group>"; };
		8ACEF4E02B9941C10028AA58 /* ScrollViewC.swift */ = {isa = PBXFileReference; lastKnownFileType = sourcecode.swift; path = ScrollViewC.swift; sourceTree = "<group>"; };
		8ACEF4E22B99464F0028AA58 /* NavigationStackView.swift */ = {isa = PBXFileReference; lastKnownFileType = sourcecode.swift; path = NavigationStackView.swift; sourceTree = "<group>"; };
		8ACEF4E42B9972150028AA58 /* JsonView.swift */ = {isa = PBXFileReference; lastKnownFileType = sourcecode.swift; path = JsonView.swift; sourceTree = "<group>"; };
		8ACEF4E62B997EEF0028AA58 /* ScrollingGridView.swift */ = {isa = PBXFileReference; lastKnownFileType = sourcecode.swift; path = ScrollingGridView.swift; sourceTree = "<group>"; };
		8ACEF4E82B9994510028AA58 /* FormView.swift */ = {isa = PBXFileReference; lastKnownFileType = sourcecode.swift; path = FormView.swift; sourceTree = "<group>"; };
		8ACEF4EC2B9996050028AA58 /* NavigationLinkView.swift */ = {isa = PBXFileReference; lastKnownFileType = sourcecode.swift; path = NavigationLinkView.swift; sourceTree = "<group>"; };
		8ACEF4EE2B999A110028AA58 /* ButtonView.swift */ = {isa = PBXFileReference; lastKnownFileType = sourcecode.swift; path = ButtonView.swift; sourceTree = "<group>"; };
		8ACEF4F02B9A9AD50028AA58 /* TextFieldView.swift */ = {isa = PBXFileReference; lastKnownFileType = sourcecode.swift; path = TextFieldView.swift; sourceTree = "<group>"; };
		8ACEF4F22B9A9BFE0028AA58 /* PickerView.swift */ = {isa = PBXFileReference; lastKnownFileType = sourcecode.swift; path = PickerView.swift; sourceTree = "<group>"; };
		8ACEF4F52B9AC2320028AA58 /* TextView.swift */ = {isa = PBXFileReference; lastKnownFileType = sourcecode.swift; path = TextView.swift; sourceTree = "<group>"; };
		8AD26C682BB3A22300A5FAD5 /* HapticEffects.swift */ = {isa = PBXFileReference; fileEncoding = 4; lastKnownFileType = sourcecode.swift; path = HapticEffects.swift; sourceTree = "<group>"; };
		8AD26C6B2BB3CBAB00A5FAD5 /* Order.swift */ = {isa = PBXFileReference; lastKnownFileType = sourcecode.swift; path = Order.swift; sourceTree = "<group>"; };
		8AD26C6D2BB3CC3300A5FAD5 /* BindableView1.swift */ = {isa = PBXFileReference; lastKnownFileType = sourcecode.swift; path = BindableView1.swift; sourceTree = "<group>"; };
		8AD26C6F2BB3CC5F00A5FAD5 /* BindableView2.swift */ = {isa = PBXFileReference; lastKnownFileType = sourcecode.swift; path = BindableView2.swift; sourceTree = "<group>"; };
		8AD26C722BB3CFFB00A5FAD5 /* DisabledModifier.swift */ = {isa = PBXFileReference; lastKnownFileType = sourcecode.swift; path = DisabledModifier.swift; sourceTree = "<group>"; };
		8AD26C742BB3D4C100A5FAD5 /* DecimalView.swift */ = {isa = PBXFileReference; lastKnownFileType = sourcecode.swift; path = DecimalView.swift; sourceTree = "<group>"; };
		8AD26C762BB3F03900A5FAD5 /* SendingReceivingDatatStruct2.swift */ = {isa = PBXFileReference; lastKnownFileType = sourcecode.swift; path = SendingReceivingDatatStruct2.swift; sourceTree = "<group>"; };
		8AD26C782BB410C500A5FAD5 /* AtStateAtBinding.swift */ = {isa = PBXFileReference; lastKnownFileType = sourcecode.swift; path = AtStateAtBinding.swift; sourceTree = "<group>"; };
		8AD26C7A2BB4141200A5FAD5 /* TextEditorView.swift */ = {isa = PBXFileReference; lastKnownFileType = sourcecode.swift; path = TextEditorView.swift; sourceTree = "<group>"; };
		8AD26C7D2BB42E1800A5FAD5 /* Student.swift */ = {isa = PBXFileReference; lastKnownFileType = sourcecode.swift; path = Student.swift; sourceTree = "<group>"; };
		8AD26C7F2BB4360700A5FAD5 /* SwiftDataView.swift */ = {isa = PBXFileReference; lastKnownFileType = sourcecode.swift; path = SwiftDataView.swift; sourceTree = "<group>"; };
/* End PBXFileReference section */

/* Begin PBXFrameworksBuildPhase section */
		8ACEF4C62B9935C20028AA58 /* Frameworks */ = {
			isa = PBXFrameworksBuildPhase;
			buildActionMask = 2147483647;
			files = (
			);
			runOnlyForDeploymentPostprocessing = 0;
		};
/* End PBXFrameworksBuildPhase section */

/* Begin PBXGroup section */
		8A37BE282B9D513B0006E1D1 /* datastruct */ = {
			isa = PBXGroup;
			children = (
				8AD26C782BB410C500A5FAD5 /* AtStateAtBinding.swift */,
				8AD26C6A2BB3CB8A00A5FAD5 /* bindable */,
				8AAB087C2BA3D4530039A3FE /* BundleStruct.swift */,
				8AAB08902BA48E3D0039A3FE /* ClassView.swift */,
				8AAB08612B9E86280039A3FE /* CustomView.swift */,
				8AAB08632B9E86FE0039A3FE /* CustomModifierView.swift */,
				8AAB08652B9E89040039A3FE /* CustomContainersView.swift */,
				8AAB08692B9F0CEC0039A3FE /* CustomBindingView.swift */,
				8AAB08712B9FF04D0039A3FE /* DateComponentsStruct.swift */,
				8AD26C742BB3D4C100A5FAD5 /* DecimalView.swift */,
				8AAB08802BA3E4E10039A3FE /* ErrorStruct.swift */,
				8AAB08672B9EE9EA0039A3FE /* ForEachView.swift */,
				8AAB085F2B9E845A0039A3FE /* PropertiesStruct.swift */,
				8A37BE262B9D4D180006E1D1 /* RandomStruct.swift */,
				8AAB087E2BA3D5AD0039A3FE /* StringStruct.swift */,
				8AB7DC922BA5AB3800F97CE8 /* UserDefaultsStruct.swift */,
			);
			path = datastruct;
			sourceTree = "<group>";
		};
		8A3E6F3F2BAACBC0009BCEEB /* network */ = {
			isa = PBXGroup;
			children = (
				8A3E6F402BAACC0F009BCEEB /* AsyncImageView.swift */,
				8ACEF4E42B9972150028AA58 /* JsonView.swift */,
				8A3E6F3D2BAAC6DC009BCEEB /* SendingReceivingDataStruct.swift */,
				8AD26C762BB3F03900A5FAD5 /* SendingReceivingDatatStruct2.swift */,
			);
			path = network;
			sourceTree = "<group>";
		};
		8A71E70B2B9B033100772A31 /* color_animation_haptic */ = {
			isa = PBXGroup;
			children = (
				8AAB08842BA4087F0039A3FE /* AnimationBindingView.swift */,
				8A71E70E2B9C686400772A31 /* ColorView.swift */,
				8A0C81292BA7D74A00B049A0 /* ColorThemeView.swift */,
				8AAB088E2BA445990039A3FE /* CustomTransitionView.swift */,
				8AAB08862BA4118D0039A3FE /* ExplicitAnimationView.swift */,
				8AAB088A2BA43DC80039A3FE /* GestureView.swift */,
				8A71E7102B9C6D4500772A31 /* GradientView.swift */,
				8AD26C682BB3A22300A5FAD5 /* HapticEffects.swift */,
				8AAB08822BA3EA070039A3FE /* ImplicitAnimationView.swift */,
				8AAB08882BA4333C0039A3FE /* ImplicitAnimationView2.swift */,
				8AAB088C2BA444030039A3FE /* ShowHideView.swift */,
			);
			path = color_animation_haptic;
			sourceTree = "<group>";
		};
		8AAB08732B9FF1D70039A3FE /* ml */ = {
			isa = PBXGroup;
			children = (
				8AAB087A2BA2F8D80039A3FE /* MLView.swift */,
				8AAB08782BA020440039A3FE /* SleepCalculator.mlmodel */,
			);
			path = ml;
			sourceTree = "<group>";
		};
		8ACEF4C02B9935C20028AA58 = {
			isa = PBXGroup;
			children = (
				8ACEF4CB2B9935C20028AA58 /* swiftuiutility */,
				8ACEF4CA2B9935C20028AA58 /* Products */,
			);
			sourceTree = "<group>";
		};
		8ACEF4CA2B9935C20028AA58 /* Products */ = {
			isa = PBXGroup;
			children = (
				8ACEF4C92B9935C20028AA58 /* swiftuiutility.app */,
			);
			name = Products;
			sourceTree = "<group>";
		};
		8ACEF4CB2B9935C20028AA58 /* swiftuiutility */ = {
			isa = PBXGroup;
			children = (
				8ACEF4DB2B9937EB0028AA58 /* component */,
				8ACEF4CC2B9935C20028AA58 /* swiftuiutilityApp.swift */,
				8ACEF4CE2B9935C20028AA58 /* ContentView.swift */,
				8ACEF4D02B9935C30028AA58 /* Assets.xcassets */,
				8ACEF4D22B9935C30028AA58 /* Preview Content */,
			);
			path = swiftuiutility;
			sourceTree = "<group>";
		};
		8ACEF4D22B9935C30028AA58 /* Preview Content */ = {
			isa = PBXGroup;
			children = (
				8ACEF4D32B9935C30028AA58 /* Preview Assets.xcassets */,
			);
			path = "Preview Content";
			sourceTree = "<group>";
		};
		8ACEF4DB2B9937EB0028AA58 /* component */ = {
			isa = PBXGroup;
			children = (
				8ACEF4F42B9A9E2E0028AA58 /* basic */,
				8A71E70B2B9B033100772A31 /* color_animation_haptic */,
				8A37BE282B9D513B0006E1D1 /* datastruct */,
				8A3E6F3F2BAACBC0009BCEEB /* network */,
				8AD26C712BB3CFC900A5FAD5 /* modifier */,
				8AAB08732B9FF1D70039A3FE /* ml */,
				8AD26C7C2BB42DFB00A5FAD5 /* swiftdata */,
			);
			path = component;
			sourceTree = "<group>";
		};
		8ACEF4F42B9A9E2E0028AA58 /* basic */ = {
			isa = PBXGroup;
			children = (
				8A37BE242B9D41130006E1D1 /* AlertView.swift */,
				8ACEF4EE2B999A110028AA58 /* ButtonView.swift */,
				8AAB086F2B9F13EC0039A3FE /* DatePickerView.swift */,
				8AAB08942BA4A96E0039A3FE /* DeleteView.swift */,
				8ACEF4E82B9994510028AA58 /* FormView.swift */,
				8ACEF4DE2B993D460028AA58 /* ImageView.swift */,
				8A71E7092B9AFF0600772A31 /* KeyBoardView.swift */,
				8ACEF4DC2B9938140028AA58 /* ListView.swift */,
				8A37BE292B9DE8540006E1D1 /* ModifierView.swift */,
				8ACEF4E22B99464F0028AA58 /* NavigationStackView.swift */,
				8A71AE1D2BA9D7D10076BE49 /* NavigationStackCustomizeView.swift */,
				8ACEF4EC2B9996050028AA58 /* NavigationLinkView.swift */,
				8A0C812D2BA93A9600B049A0 /* NavigationDestinationView.swift */,
				8A0C81312BA96ECA00B049A0 /* NavigationStackReturnView.swift */,
				8A0C81332BA9A6C000B049A0 /* NavigationStackSaveView.swift */,
				8ACEF4F22B9A9BFE0028AA58 /* PickerView.swift */,
				8A0C812F2BA93F0E00B049A0 /* ProgrammaticNavigationView.swift */,
				8A0C812B2BA8381800B049A0 /* RectangleView.swift */,
				8ACEF4E02B9941C10028AA58 /* ScrollViewC.swift */,
				8ACEF4E62B997EEF0028AA58 /* ScrollingGridView.swift */,
				8A71E70C2B9B055E00772A31 /* StackView.swift */,
				8AAB086D2B9F12C30039A3FE /* StepperView.swift */,
				8AAB08922BA49F220039A3FE /* SheetView.swift */,
				8ACEF4F52B9AC2320028AA58 /* TextView.swift */,
				8AD26C7A2BB4141200A5FAD5 /* TextEditorView.swift */,
				8ACEF4F02B9A9AD50028AA58 /* TextFieldView.swift */,
				8AAB086B2B9F0EAE0039A3FE /* ToggleView.swift */,
			);
			path = basic;
			sourceTree = "<group>";
		};
		8AD26C6A2BB3CB8A00A5FAD5 /* bindable */ = {
			isa = PBXGroup;
			children = (
				8AD26C6B2BB3CBAB00A5FAD5 /* Order.swift */,
				8AD26C6D2BB3CC3300A5FAD5 /* BindableView1.swift */,
				8AD26C6F2BB3CC5F00A5FAD5 /* BindableView2.swift */,
			);
			path = bindable;
			sourceTree = "<group>";
		};
		8AD26C712BB3CFC900A5FAD5 /* modifier */ = {
			isa = PBXGroup;
			children = (
				8AD26C722BB3CFFB00A5FAD5 /* DisabledModifier.swift */,
			);
			path = modifier;
			sourceTree = "<group>";
		};
		8AD26C7C2BB42DFB00A5FAD5 /* swiftdata */ = {
			isa = PBXGroup;
			children = (
				8AD26C7D2BB42E1800A5FAD5 /* Student.swift */,
				8AD26C7F2BB4360700A5FAD5 /* SwiftDataView.swift */,
			);
			path = swiftdata;
			sourceTree = "<group>";
		};
/* End PBXGroup section */

/* Begin PBXNativeTarget section */
		8ACEF4C82B9935C20028AA58 /* swiftuiutility */ = {
			isa = PBXNativeTarget;
			buildConfigurationList = 8ACEF4D72B9935C30028AA58 /* Build configuration list for PBXNativeTarget "swiftuiutility" */;
			buildPhases = (
				8ACEF4C52B9935C20028AA58 /* Sources */,
				8ACEF4C62B9935C20028AA58 /* Frameworks */,
				8ACEF4C72B9935C20028AA58 /* Resources */,
			);
			buildRules = (
			);
			dependencies = (
			);
			name = swiftuiutility;
			productName = swiftuiutility;
			productReference = 8ACEF4C92B9935C20028AA58 /* swiftuiutility.app */;
			productType = "com.apple.product-type.application";
		};
/* End PBXNativeTarget section */

/* Begin PBXProject section */
		8ACEF4C12B9935C20028AA58 /* Project object */ = {
			isa = PBXProject;
			attributes = {
				BuildIndependentTargetsInParallel = 1;
				LastSwiftUpdateCheck = 1510;
				LastUpgradeCheck = 1510;
				TargetAttributes = {
					8ACEF4C82B9935C20028AA58 = {
						CreatedOnToolsVersion = 15.1;
					};
				};
			};
			buildConfigurationList = 8ACEF4C42B9935C20028AA58 /* Build configuration list for PBXProject "swiftuiutility" */;
			compatibilityVersion = "Xcode 14.0";
			developmentRegion = en;
			hasScannedForEncodings = 0;
			knownRegions = (
				en,
				Base,
			);
			mainGroup = 8ACEF4C02B9935C20028AA58;
			productRefGroup = 8ACEF4CA2B9935C20028AA58 /* Products */;
			projectDirPath = "";
			projectRoot = "";
			targets = (
				8ACEF4C82B9935C20028AA58 /* swiftuiutility */,
			);
		};
/* End PBXProject section */

/* Begin PBXResourcesBuildPhase section */
		8ACEF4C72B9935C20028AA58 /* Resources */ = {
			isa = PBXResourcesBuildPhase;
			buildActionMask = 2147483647;
			files = (
				8ACEF4D42B9935C30028AA58 /* Preview Assets.xcassets in Resources */,
				8ACEF4D12B9935C30028AA58 /* Assets.xcassets in Resources */,
			);
			runOnlyForDeploymentPostprocessing = 0;
		};
/* End PBXResourcesBuildPhase section */

/* Begin PBXSourcesBuildPhase section */
		8ACEF4C52B9935C20028AA58 /* Sources */ = {
			isa = PBXSourcesBuildPhase;
			buildActionMask = 2147483647;
			files = (
				8ACEF4E72B997EEF0028AA58 /* ScrollingGridView.swift in Sources */,
				8A37BE252B9D41130006E1D1 /* AlertView.swift in Sources */,
				8ACEF4DF2B993D460028AA58 /* ImageView.swift in Sources */,
				8A0C81322BA96ECA00B049A0 /* NavigationStackReturnView.swift in Sources */,
				8AD26C702BB3CC5F00A5FAD5 /* BindableView2.swift in Sources */,
				8AD26C772BB3F03900A5FAD5 /* SendingReceivingDatatStruct2.swift in Sources */,
				8AAB08852BA4087F0039A3FE /* AnimationBindingView.swift in Sources */,
				8A3E6F3E2BAAC6DC009BCEEB /* SendingReceivingDataStruct.swift in Sources */,
				8AAB08812BA3E4E10039A3FE /* ErrorStruct.swift in Sources */,
				8AAB086E2B9F12C30039A3FE /* StepperView.swift in Sources */,
				8ACEF4F12B9A9AD50028AA58 /* TextFieldView.swift in Sources */,
				8A0C81302BA93F0E00B049A0 /* ProgrammaticNavigationView.swift in Sources */,
				8ACEF4F62B9AC2320028AA58 /* TextView.swift in Sources */,
				8AD26C7B2BB4141200A5FAD5 /* TextEditorView.swift in Sources */,
				8AAB08702B9F13EC0039A3FE /* DatePickerView.swift in Sources */,
				8ACEF4E32B99464F0028AA58 /* NavigationStackView.swift in Sources */,
				8A37BE2A2B9DE8540006E1D1 /* ModifierView.swift in Sources */,
				8A0C812E2BA93A9600B049A0 /* NavigationDestinationView.swift in Sources */,
				8AAB08722B9FF04D0039A3FE /* DateComponentsStruct.swift in Sources */,
				8ACEF4CF2B9935C20028AA58 /* ContentView.swift in Sources */,
				8AAB08662B9E89040039A3FE /* CustomContainersView.swift in Sources */,
				8AD26C802BB4360700A5FAD5 /* SwiftDataView.swift in Sources */,
				8AAB08622B9E86280039A3FE /* CustomView.swift in Sources */,
				8A0C812C2BA8381800B049A0 /* RectangleView.swift in Sources */,
				8A71E70A2B9AFF0600772A31 /* KeyBoardView.swift in Sources */,
				8AAB08792BA020440039A3FE /* SleepCalculator.mlmodel in Sources */,
				8AD26C7E2BB42E1800A5FAD5 /* Student.swift in Sources */,
				8A71E70F2B9C686400772A31 /* ColorView.swift in Sources */,
				8A71E7112B9C6D4500772A31 /* GradientView.swift in Sources */,
				8ACEF4CD2B9935C20028AA58 /* swiftuiutilityApp.swift in Sources */,
				8AAB08832BA3EA070039A3FE /* ImplicitAnimationView.swift in Sources */,
				8ACEF4E12B9941C10028AA58 /* ScrollViewC.swift in Sources */,
				8A3E6F412BAACC0F009BCEEB /* AsyncImageView.swift in Sources */,
				8AD26C792BB410C500A5FAD5 /* AtStateAtBinding.swift in Sources */,
				8AD26C6C2BB3CBAB00A5FAD5 /* Order.swift in Sources */,
				8ACEF4EF2B999A110028AA58 /* ButtonView.swift in Sources */,
				8AAB08892BA4333C0039A3FE /* ImplicitAnimationView2.swift in Sources */,
				8AAB087F2BA3D5AD0039A3FE /* StringStruct.swift in Sources */,
				8ACEF4ED2B9996050028AA58 /* NavigationLinkView.swift in Sources */,
				8A71E70D2B9B055E00772A31 /* StackView.swift in Sources */,
				8AAB08642B9E86FE0039A3FE /* CustomModifierView.swift in Sources */,
				8AAB08872BA4118E0039A3FE /* ExplicitAnimationView.swift in Sources */,
				8ACEF4E92B9994510028AA58 /* FormView.swift in Sources */,
				8AAB086C2B9F0EAE0039A3FE /* ToggleView.swift in Sources */,
				8ACEF4F32B9A9BFE0028AA58 /* PickerView.swift in Sources */,
				8AAB086A2B9F0CEC0039A3FE /* CustomBindingView.swift in Sources */,
				8AAB088F2BA445990039A3FE /* CustomTransitionView.swift in Sources */,
				8AAB088D2BA444030039A3FE /* ShowHideView.swift in Sources */,
				8ACEF4E52B9972150028AA58 /* JsonView.swift in Sources */,
				8AAB087D2BA3D4530039A3FE /* BundleStruct.swift in Sources */,
				8AD26C692BB3A22400A5FAD5 /* HapticEffects.swift in Sources */,
				8AAB08932BA49F220039A3FE /* SheetView.swift in Sources */,
				8A0C81342BA9A6C000B049A0 /* NavigationStackSaveView.swift in Sources */,
				8ACEF4DD2B9938150028AA58 /* ListView.swift in Sources */,
				8A37BE272B9D4D180006E1D1 /* RandomStruct.swift in Sources */,
				8AD26C752BB3D4C100A5FAD5 /* DecimalView.swift in Sources */,
				8AD26C732BB3CFFB00A5FAD5 /* DisabledModifier.swift in Sources */,
				8A71AE1E2BA9D7D10076BE49 /* NavigationStackCustomizeView.swift in Sources */,
				8AAB08602B9E845A0039A3FE /* PropertiesStruct.swift in Sources */,
				8AD26C6E2BB3CC3300A5FAD5 /* BindableView1.swift in Sources */,
				8AAB087B2BA2F8D80039A3FE /* MLView.swift in Sources */,
				8AAB088B2BA43DC80039A3FE /* GestureView.swift in Sources */,
				8AAB08682B9EE9EA0039A3FE /* ForEachView.swift in Sources */,
				8A0C812A2BA7D74A00B049A0 /* ColorThemeView.swift in Sources */,
				8AB7DC932BA5AB3800F97CE8 /* UserDefaultsStruct.swift in Sources */,
				8AAB08912BA48E3D0039A3FE /* ClassView.swift in Sources */,
				8AAB08952BA4A96E0039A3FE /* DeleteView.swift in Sources */,
			);
			runOnlyForDeploymentPostprocessing = 0;
		};
/* End PBXSourcesBuildPhase section */

/* Begin XCBuildConfiguration section */
		8ACEF4D52B9935C30028AA58 /* Debug */ = {
			isa = XCBuildConfiguration;
			buildSettings = {
				ALWAYS_SEARCH_USER_PATHS = NO;
				ASSETCATALOG_COMPILER_GENERATE_SWIFT_ASSET_SYMBOL_EXTENSIONS = YES;
				CLANG_ANALYZER_NONNULL = YES;
				CLANG_ANALYZER_NUMBER_OBJECT_CONVERSION = YES_AGGRESSIVE;
				CLANG_CXX_LANGUAGE_STANDARD = "gnu++20";
				CLANG_ENABLE_MODULES = YES;
				CLANG_ENABLE_OBJC_ARC = YES;
				CLANG_ENABLE_OBJC_WEAK = YES;
				CLANG_WARN_BLOCK_CAPTURE_AUTORELEASING = YES;
				CLANG_WARN_BOOL_CONVERSION = YES;
				CLANG_WARN_COMMA = YES;
				CLANG_WARN_CONSTANT_CONVERSION = YES;
				CLANG_WARN_DEPRECATED_OBJC_IMPLEMENTATIONS = YES;
				CLANG_WARN_DIRECT_OBJC_ISA_USAGE = YES_ERROR;
				CLANG_WARN_DOCUMENTATION_COMMENTS = YES;
				CLANG_WARN_EMPTY_BODY = YES;
				CLANG_WARN_ENUM_CONVERSION = YES;
				CLANG_WARN_INFINITE_RECURSION = YES;
				CLANG_WARN_INT_CONVERSION = YES;
				CLANG_WARN_NON_LITERAL_NULL_CONVERSION = YES;
				CLANG_WARN_OBJC_IMPLICIT_RETAIN_SELF = YES;
				CLANG_WARN_OBJC_LITERAL_CONVERSION = YES;
				CLANG_WARN_OBJC_ROOT_CLASS = YES_ERROR;
				CLANG_WARN_QUOTED_INCLUDE_IN_FRAMEWORK_HEADER = YES;
				CLANG_WARN_RANGE_LOOP_ANALYSIS = YES;
				CLANG_WARN_STRICT_PROTOTYPES = YES;
				CLANG_WARN_SUSPICIOUS_MOVE = YES;
				CLANG_WARN_UNGUARDED_AVAILABILITY = YES_AGGRESSIVE;
				CLANG_WARN_UNREACHABLE_CODE = YES;
				CLANG_WARN__DUPLICATE_METHOD_MATCH = YES;
				COPY_PHASE_STRIP = NO;
				DEBUG_INFORMATION_FORMAT = dwarf;
				ENABLE_STRICT_OBJC_MSGSEND = YES;
				ENABLE_TESTABILITY = YES;
				ENABLE_USER_SCRIPT_SANDBOXING = YES;
				GCC_C_LANGUAGE_STANDARD = gnu17;
				GCC_DYNAMIC_NO_PIC = NO;
				GCC_NO_COMMON_BLOCKS = YES;
				GCC_OPTIMIZATION_LEVEL = 0;
				GCC_PREPROCESSOR_DEFINITIONS = (
					"DEBUG=1",
					"$(inherited)",
				);
				GCC_WARN_64_TO_32_BIT_CONVERSION = YES;
				GCC_WARN_ABOUT_RETURN_TYPE = YES_ERROR;
				GCC_WARN_UNDECLARED_SELECTOR = YES;
				GCC_WARN_UNINITIALIZED_AUTOS = YES_AGGRESSIVE;
				GCC_WARN_UNUSED_FUNCTION = YES;
				GCC_WARN_UNUSED_VARIABLE = YES;
				IPHONEOS_DEPLOYMENT_TARGET = 17.2;
				LOCALIZATION_PREFERS_STRING_CATALOGS = YES;
				MTL_ENABLE_DEBUG_INFO = INCLUDE_SOURCE;
				MTL_FAST_MATH = YES;
				ONLY_ACTIVE_ARCH = YES;
				SDKROOT = iphoneos;
				SWIFT_ACTIVE_COMPILATION_CONDITIONS = "DEBUG $(inherited)";
				SWIFT_OPTIMIZATION_LEVEL = "-Onone";
			};
			name = Debug;
		};
		8ACEF4D62B9935C30028AA58 /* Release */ = {
			isa = XCBuildConfiguration;
			buildSettings = {
				ALWAYS_SEARCH_USER_PATHS = NO;
				ASSETCATALOG_COMPILER_GENERATE_SWIFT_ASSET_SYMBOL_EXTENSIONS = YES;
				CLANG_ANALYZER_NONNULL = YES;
				CLANG_ANALYZER_NUMBER_OBJECT_CONVERSION = YES_AGGRESSIVE;
				CLANG_CXX_LANGUAGE_STANDARD = "gnu++20";
				CLANG_ENABLE_MODULES = YES;
				CLANG_ENABLE_OBJC_ARC = YES;
				CLANG_ENABLE_OBJC_WEAK = YES;
				CLANG_WARN_BLOCK_CAPTURE_AUTORELEASING = YES;
				CLANG_WARN_BOOL_CONVERSION = YES;
				CLANG_WARN_COMMA = YES;
				CLANG_WARN_CONSTANT_CONVERSION = YES;
				CLANG_WARN_DEPRECATED_OBJC_IMPLEMENTATIONS = YES;
				CLANG_WARN_DIRECT_OBJC_ISA_USAGE = YES_ERROR;
				CLANG_WARN_DOCUMENTATION_COMMENTS = YES;
				CLANG_WARN_EMPTY_BODY = YES;
				CLANG_WARN_ENUM_CONVERSION = YES;
				CLANG_WARN_INFINITE_RECURSION = YES;
				CLANG_WARN_INT_CONVERSION = YES;
				CLANG_WARN_NON_LITERAL_NULL_CONVERSION = YES;
				CLANG_WARN_OBJC_IMPLICIT_RETAIN_SELF = YES;
				CLANG_WARN_OBJC_LITERAL_CONVERSION = YES;
				CLANG_WARN_OBJC_ROOT_CLASS = YES_ERROR;
				CLANG_WARN_QUOTED_INCLUDE_IN_FRAMEWORK_HEADER = YES;
				CLANG_WARN_RANGE_LOOP_ANALYSIS = YES;
				CLANG_WARN_STRICT_PROTOTYPES = YES;
				CLANG_WARN_SUSPICIOUS_MOVE = YES;
				CLANG_WARN_UNGUARDED_AVAILABILITY = YES_AGGRESSIVE;
				CLANG_WARN_UNREACHABLE_CODE = YES;
				CLANG_WARN__DUPLICATE_METHOD_MATCH = YES;
				COPY_PHASE_STRIP = NO;
				DEBUG_INFORMATION_FORMAT = "dwarf-with-dsym";
				ENABLE_NS_ASSERTIONS = NO;
				ENABLE_STRICT_OBJC_MSGSEND = YES;
				ENABLE_USER_SCRIPT_SANDBOXING = YES;
				GCC_C_LANGUAGE_STANDARD = gnu17;
				GCC_NO_COMMON_BLOCKS = YES;
				GCC_WARN_64_TO_32_BIT_CONVERSION = YES;
				GCC_WARN_ABOUT_RETURN_TYPE = YES_ERROR;
				GCC_WARN_UNDECLARED_SELECTOR = YES;
				GCC_WARN_UNINITIALIZED_AUTOS = YES_AGGRESSIVE;
				GCC_WARN_UNUSED_FUNCTION = YES;
				GCC_WARN_UNUSED_VARIABLE = YES;
				IPHONEOS_DEPLOYMENT_TARGET = 17.2;
				LOCALIZATION_PREFERS_STRING_CATALOGS = YES;
				MTL_ENABLE_DEBUG_INFO = NO;
				MTL_FAST_MATH = YES;
				SDKROOT = iphoneos;
				SWIFT_COMPILATION_MODE = wholemodule;
				VALIDATE_PRODUCT = YES;
			};
			name = Release;
		};
		8ACEF4D82B9935C30028AA58 /* Debug */ = {
			isa = XCBuildConfiguration;
			buildSettings = {
				ASSETCATALOG_COMPILER_APPICON_NAME = AppIcon;
				ASSETCATALOG_COMPILER_GLOBAL_ACCENT_COLOR_NAME = AccentColor;
				CODE_SIGN_STYLE = Automatic;
				CURRENT_PROJECT_VERSION = 1;
				DEVELOPMENT_ASSET_PATHS = "\"swiftuiutility/Preview Content\"";
				DEVELOPMENT_TEAM = 62DH2Z26V5;
				ENABLE_PREVIEWS = YES;
				GENERATE_INFOPLIST_FILE = YES;
				INFOPLIST_KEY_UIApplicationSceneManifest_Generation = YES;
				INFOPLIST_KEY_UIApplicationSupportsIndirectInputEvents = YES;
				INFOPLIST_KEY_UILaunchScreen_Generation = YES;
				INFOPLIST_KEY_UISupportedInterfaceOrientations_iPad = "UIInterfaceOrientationPortrait UIInterfaceOrientationPortraitUpsideDown UIInterfaceOrientationLandscapeLeft UIInterfaceOrientationLandscapeRight";
				INFOPLIST_KEY_UISupportedInterfaceOrientations_iPhone = "UIInterfaceOrientationPortrait UIInterfaceOrientationLandscapeLeft UIInterfaceOrientationLandscapeRight";
				LD_RUNPATH_SEARCH_PATHS = (
					"$(inherited)",
					"@executable_path/Frameworks",
				);
				MARKETING_VERSION = 1.0;
				PRODUCT_BUNDLE_IDENTIFIER = ke.swiftuiutility;
				PRODUCT_NAME = "$(TARGET_NAME)";
				SWIFT_EMIT_LOC_STRINGS = YES;
				SWIFT_VERSION = 5.0;
				TARGETED_DEVICE_FAMILY = "1,2";
			};
			name = Debug;
		};
		8ACEF4D92B9935C30028AA58 /* Release */ = {
			isa = XCBuildConfiguration;
			buildSettings = {
				ASSETCATALOG_COMPILER_APPICON_NAME = AppIcon;
				ASSETCATALOG_COMPILER_GLOBAL_ACCENT_COLOR_NAME = AccentColor;
				CODE_SIGN_STYLE = Automatic;
				CURRENT_PROJECT_VERSION = 1;
				DEVELOPMENT_ASSET_PATHS = "\"swiftuiutility/Preview Content\"";
				DEVELOPMENT_TEAM = 62DH2Z26V5;
				ENABLE_PREVIEWS = YES;
				GENERATE_INFOPLIST_FILE = YES;
				INFOPLIST_KEY_UIApplicationSceneManifest_Generation = YES;
				INFOPLIST_KEY_UIApplicationSupportsIndirectInputEvents = YES;
				INFOPLIST_KEY_UILaunchScreen_Generation = YES;
				INFOPLIST_KEY_UISupportedInterfaceOrientations_iPad = "UIInterfaceOrientationPortrait UIInterfaceOrientationPortraitUpsideDown UIInterfaceOrientationLandscapeLeft UIInterfaceOrientationLandscapeRight";
				INFOPLIST_KEY_UISupportedInterfaceOrientations_iPhone = "UIInterfaceOrientationPortrait UIInterfaceOrientationLandscapeLeft UIInterfaceOrientationLandscapeRight";
				LD_RUNPATH_SEARCH_PATHS = (
					"$(inherited)",
					"@executable_path/Frameworks",
				);
				MARKETING_VERSION = 1.0;
				PRODUCT_BUNDLE_IDENTIFIER = ke.swiftuiutility;
				PRODUCT_NAME = "$(TARGET_NAME)";
				SWIFT_EMIT_LOC_STRINGS = YES;
				SWIFT_VERSION = 5.0;
				TARGETED_DEVICE_FAMILY = "1,2";
			};
			name = Release;
		};
/* End XCBuildConfiguration section */

/* Begin XCConfigurationList section */
		8ACEF4C42B9935C20028AA58 /* Build configuration list for PBXProject "swiftuiutility" */ = {
			isa = XCConfigurationList;
			buildConfigurations = (
				8ACEF4D52B9935C30028AA58 /* Debug */,
				8ACEF4D62B9935C30028AA58 /* Release */,
			);
			defaultConfigurationIsVisible = 0;
			defaultConfigurationName = Release;
		};
		8ACEF4D72B9935C30028AA58 /* Build configuration list for PBXNativeTarget "swiftuiutility" */ = {
			isa = XCConfigurationList;
			buildConfigurations = (
				8ACEF4D82B9935C30028AA58 /* Debug */,
				8ACEF4D92B9935C30028AA58 /* Release */,
			);
			defaultConfigurationIsVisible = 0;
			defaultConfigurationName = Release;
		};
/* End XCConfigurationList section */
	};
	rootObject = 8ACEF4C12B9935C20028AA58 /* Project object */;
}
